// !$*UTF8*$!
{
	archiveVersion = 1;
	classes = {
	};
	objectVersion = 46;
	objects = {

/* Begin PBXBuildFile section */
		6703A8CC1A6E65E900456EAE /* HomeViewController.m in Sources */ = {isa = PBXBuildFile; fileRef = 6703A8CB1A6E65E900456EAE /* HomeViewController.m */; };
		6703A8D01A6E6D8E00456EAE /* SettingsViewController.m in Sources */ = {isa = PBXBuildFile; fileRef = 6703A8CF1A6E6D8E00456EAE /* SettingsViewController.m */; };
		6703A8D41A6E6FF200456EAE /* EditProfileViewController.m in Sources */ = {isa = PBXBuildFile; fileRef = 6703A8D31A6E6FF200456EAE /* EditProfileViewController.m */; };
		6703A8D81A6E71F100456EAE /* ProfileViewController.m in Sources */ = {isa = PBXBuildFile; fileRef = 6703A8D71A6E71F100456EAE /* ProfileViewController.m */; };
		6703A8DB1A6EBF4200456EAE /* TestUser.m in Sources */ = {isa = PBXBuildFile; fileRef = 6703A8DA1A6EBF4200456EAE /* TestUser.m */; };
		6703A8DD1A6EC13300456EAE /* ProfileImage1.jpg in Resources */ = {isa = PBXBuildFile; fileRef = 6703A8DC1A6EC13200456EAE /* ProfileImage1.jpg */; };
		675560651A77E8CB001852F4 /* defaultPrefsFile.plist in Resources */ = {isa = PBXBuildFile; fileRef = 675560641A77E8CB001852F4 /* defaultPrefsFile.plist */; };
		6755610A1A78B575001852F4 /* BG.png in Resources */ = {isa = PBXBuildFile; fileRef = 675560691A78B575001852F4 /* BG.png */; };
		6755610B1A78B575001852F4 /* BG@2x.png in Resources */ = {isa = PBXBuildFile; fileRef = 6755606A1A78B575001852F4 /* BG@2x.png */; };
		6755610C1A78B575001852F4 /* BG.png in Resources */ = {isa = PBXBuildFile; fileRef = 6755606B1A78B575001852F4 /* BG.png */; };
		6755610D1A78B575001852F4 /* BG@2x.png in Resources */ = {isa = PBXBuildFile; fileRef = 6755606C1A78B575001852F4 /* BG@2x.png */; };
		6755610E1A78B575001852F4 /* Facebook.png in Resources */ = {isa = PBXBuildFile; fileRef = 6755606E1A78B575001852F4 /* Facebook.png */; };
		6755610F1A78B575001852F4 /* Facebook@2x.png in Resources */ = {isa = PBXBuildFile; fileRef = 6755606F1A78B575001852F4 /* Facebook@2x.png */; };
		675561101A78B575001852F4 /* Logo.png in Resources */ = {isa = PBXBuildFile; fileRef = 675560701A78B575001852F4 /* Logo.png */; };
		675561111A78B575001852F4 /* Logo@2x.png in Resources */ = {isa = PBXBuildFile; fileRef = 675560711A78B575001852F4 /* Logo@2x.png */; };
		675561121A78B575001852F4 /* BG.png in Resources */ = {isa = PBXBuildFile; fileRef = 675560731A78B575001852F4 /* BG.png */; };
		675561131A78B575001852F4 /* BG@2x.png in Resources */ = {isa = PBXBuildFile; fileRef = 675560741A78B575001852F4 /* BG@2x.png */; };
		675561141A78B575001852F4 /* ChatIcon.png in Resources */ = {isa = PBXBuildFile; fileRef = 675560751A78B575001852F4 /* ChatIcon.png */; };
		675561151A78B575001852F4 /* ChatIcon@2x.png in Resources */ = {isa = PBXBuildFile; fileRef = 675560761A78B575001852F4 /* ChatIcon@2x.png */; };
		675561161A78B575001852F4 /* DislikeIcon.png in Resources */ = {isa = PBXBuildFile; fileRef = 675560771A78B575001852F4 /* DislikeIcon.png */; };
		675561171A78B575001852F4 /* DislikeIcon@2x.png in Resources */ = {isa = PBXBuildFile; fileRef = 675560781A78B575001852F4 /* DislikeIcon@2x.png */; };
		675561181A78B575001852F4 /* InfoIcon.png in Resources */ = {isa = PBXBuildFile; fileRef = 675560791A78B575001852F4 /* InfoIcon.png */; };
		675561191A78B575001852F4 /* InfoIcon@2x.png in Resources */ = {isa = PBXBuildFile; fileRef = 6755607A1A78B575001852F4 /* InfoIcon@2x.png */; };
		6755611A1A78B575001852F4 /* LikeIcon.png in Resources */ = {isa = PBXBuildFile; fileRef = 6755607B1A78B575001852F4 /* LikeIcon.png */; };
		6755611B1A78B575001852F4 /* LikeIcon@2x.png in Resources */ = {isa = PBXBuildFile; fileRef = 6755607C1A78B575001852F4 /* LikeIcon@2x.png */; };
		6755611C1A78B575001852F4 /* Matched-Up.png in Resources */ = {isa = PBXBuildFile; fileRef = 6755607D1A78B575001852F4 /* Matched-Up.png */; };
		6755611D1A78B575001852F4 /* Matched-Up@2x.png in Resources */ = {isa = PBXBuildFile; fileRef = 6755607E1A78B575001852F4 /* Matched-Up@2x.png */; };
		6755611E1A78B575001852F4 /* SettingIcon.png in Resources */ = {isa = PBXBuildFile; fileRef = 6755607F1A78B575001852F4 /* SettingIcon.png */; };
		6755611F1A78B575001852F4 /* SettingIcon@2x.png in Resources */ = {isa = PBXBuildFile; fileRef = 675560801A78B575001852F4 /* SettingIcon@2x.png */; };
		675561201A78B575001852F4 /* Top_NavBG.png in Resources */ = {isa = PBXBuildFile; fileRef = 675560811A78B575001852F4 /* Top_NavBG.png */; };
		675561211A78B575001852F4 /* Top_NavBG@2x.png in Resources */ = {isa = PBXBuildFile; fileRef = 675560821A78B575001852F4 /* Top_NavBG@2x.png */; };
		675561221A78B575001852F4 /* User_Image.png in Resources */ = {isa = PBXBuildFile; fileRef = 675560831A78B575001852F4 /* User_Image.png */; };
		675561231A78B575001852F4 /* User_Image@2x.png in Resources */ = {isa = PBXBuildFile; fileRef = 675560841A78B575001852F4 /* User_Image@2x.png */; };
		675561241A78B575001852F4 /* VP_BG.png in Resources */ = {isa = PBXBuildFile; fileRef = 675560851A78B575001852F4 /* VP_BG.png */; };
		675561251A78B575001852F4 /* VP_BG@2x.png in Resources */ = {isa = PBXBuildFile; fileRef = 675560861A78B575001852F4 /* VP_BG@2x.png */; };
		675561261A78B575001852F4 /* About_BG.png in Resources */ = {isa = PBXBuildFile; fileRef = 675560881A78B575001852F4 /* About_BG.png */; };
		675561271A78B575001852F4 /* About_BG@2x.png in Resources */ = {isa = PBXBuildFile; fileRef = 675560891A78B575001852F4 /* About_BG@2x.png */; };
		675561281A78B575001852F4 /* AgeIcon.png in Resources */ = {isa = PBXBuildFile; fileRef = 6755608A1A78B575001852F4 /* AgeIcon.png */; };
		675561291A78B575001852F4 /* AgeIcon@2x.png in Resources */ = {isa = PBXBuildFile; fileRef = 6755608B1A78B575001852F4 /* AgeIcon@2x.png */; };
		6755612A1A78B575001852F4 /* BG.png in Resources */ = {isa = PBXBuildFile; fileRef = 6755608C1A78B575001852F4 /* BG.png */; };
		6755612B1A78B575001852F4 /* BG@2x.png in Resources */ = {isa = PBXBuildFile; fileRef = 6755608D1A78B575001852F4 /* BG@2x.png */; };
		6755612C1A78B575001852F4 /* ChatIcon.png in Resources */ = {isa = PBXBuildFile; fileRef = 6755608E1A78B575001852F4 /* ChatIcon.png */; };
		6755612D1A78B575001852F4 /* ChatIcon@2x.png in Resources */ = {isa = PBXBuildFile; fileRef = 6755608F1A78B575001852F4 /* ChatIcon@2x.png */; };
		6755612E1A78B575001852F4 /* DislikeIcon.png in Resources */ = {isa = PBXBuildFile; fileRef = 675560901A78B575001852F4 /* DislikeIcon.png */; };
		6755612F1A78B575001852F4 /* DislikeIcon@2x.png in Resources */ = {isa = PBXBuildFile; fileRef = 675560911A78B575001852F4 /* DislikeIcon@2x.png */; };
		675561301A78B575001852F4 /* InfoIcon.png in Resources */ = {isa = PBXBuildFile; fileRef = 675560921A78B575001852F4 /* InfoIcon.png */; };
		675561311A78B575001852F4 /* InfoIcon@2x.png in Resources */ = {isa = PBXBuildFile; fileRef = 675560931A78B575001852F4 /* InfoIcon@2x.png */; };
		675561321A78B575001852F4 /* LikeIcon.png in Resources */ = {isa = PBXBuildFile; fileRef = 675560941A78B575001852F4 /* LikeIcon.png */; };
		675561331A78B575001852F4 /* LikeIcon@2x.png in Resources */ = {isa = PBXBuildFile; fileRef = 675560951A78B575001852F4 /* LikeIcon@2x.png */; };
		675561341A78B575001852F4 /* location.png in Resources */ = {isa = PBXBuildFile; fileRef = 675560961A78B575001852F4 /* location.png */; };
		675561351A78B575001852F4 /* location@2x.png in Resources */ = {isa = PBXBuildFile; fileRef = 675560971A78B575001852F4 /* location@2x.png */; };
		675561361A78B575001852F4 /* NameAgeStatusBar.png in Resources */ = {isa = PBXBuildFile; fileRef = 675560981A78B575001852F4 /* NameAgeStatusBar.png */; };
		675561371A78B575001852F4 /* NameAgeStatusBar@2x.png in Resources */ = {isa = PBXBuildFile; fileRef = 675560991A78B575001852F4 /* NameAgeStatusBar@2x.png */; };
		675561381A78B575001852F4 /* SettingIcon.png in Resources */ = {isa = PBXBuildFile; fileRef = 6755609A1A78B575001852F4 /* SettingIcon.png */; };
		675561391A78B575001852F4 /* SettingIcon@2x.png in Resources */ = {isa = PBXBuildFile; fileRef = 6755609B1A78B575001852F4 /* SettingIcon@2x.png */; };
		6755613A1A78B575001852F4 /* Single.png in Resources */ = {isa = PBXBuildFile; fileRef = 6755609C1A78B575001852F4 /* Single.png */; };
		6755613B1A78B575001852F4 /* Single@2x.png in Resources */ = {isa = PBXBuildFile; fileRef = 6755609D1A78B575001852F4 /* Single@2x.png */; };
		6755613C1A78B575001852F4 /* StatusIcon.png in Resources */ = {isa = PBXBuildFile; fileRef = 6755609E1A78B575001852F4 /* StatusIcon.png */; };
		6755613D1A78B575001852F4 /* StatusIcon@2x.png in Resources */ = {isa = PBXBuildFile; fileRef = 6755609F1A78B575001852F4 /* StatusIcon@2x.png */; };
		6755613E1A78B575001852F4 /* UserImage.png in Resources */ = {isa = PBXBuildFile; fileRef = 675560A01A78B575001852F4 /* UserImage.png */; };
		6755613F1A78B575001852F4 /* UserImage@2x.png in Resources */ = {isa = PBXBuildFile; fileRef = 675560A11A78B575001852F4 /* UserImage@2x.png */; };
		675561401A78B575001852F4 /* VP_BG.png in Resources */ = {isa = PBXBuildFile; fileRef = 675560A21A78B575001852F4 /* VP_BG.png */; };
		675561411A78B575001852F4 /* VP_BG@2x.png in Resources */ = {isa = PBXBuildFile; fileRef = 675560A31A78B575001852F4 /* VP_BG@2x.png */; };
		675561421A78B575001852F4 /* back-icon.png in Resources */ = {isa = PBXBuildFile; fileRef = 675560A51A78B575001852F4 /* back-icon.png */; };
		675561431A78B575001852F4 /* back-icon@2x.png in Resources */ = {isa = PBXBuildFile; fileRef = 675560A61A78B575001852F4 /* back-icon@2x.png */; };
		675561441A78B575001852F4 /* BG.png in Resources */ = {isa = PBXBuildFile; fileRef = 675560A71A78B575001852F4 /* BG.png */; };
		675561451A78B575001852F4 /* BG@2x.png in Resources */ = {isa = PBXBuildFile; fileRef = 675560A81A78B575001852F4 /* BG@2x.png */; };
		675561461A78B575001852F4 /* Chat_user.png in Resources */ = {isa = PBXBuildFile; fileRef = 675560A91A78B575001852F4 /* Chat_user.png */; };
		675561471A78B575001852F4 /* Chat_user@2x.png in Resources */ = {isa = PBXBuildFile; fileRef = 675560AA1A78B575001852F4 /* Chat_user@2x.png */; };
		675561481A78B575001852F4 /* menu-icon.png in Resources */ = {isa = PBXBuildFile; fileRef = 675560AB1A78B575001852F4 /* menu-icon.png */; };
		675561491A78B575001852F4 /* menu-icon@2x.png in Resources */ = {isa = PBXBuildFile; fileRef = 675560AC1A78B575001852F4 /* menu-icon@2x.png */; };
		6755614A1A78B575001852F4 /* SettingIcon.png in Resources */ = {isa = PBXBuildFile; fileRef = 675560AD1A78B575001852F4 /* SettingIcon.png */; };
		6755614B1A78B575001852F4 /* SettingIcon@2x.png in Resources */ = {isa = PBXBuildFile; fileRef = 675560AE1A78B575001852F4 /* SettingIcon@2x.png */; };
		6755614C1A78B575001852F4 /* Top_NavBG.png in Resources */ = {isa = PBXBuildFile; fileRef = 675560AF1A78B575001852F4 /* Top_NavBG.png */; };
		6755614D1A78B575001852F4 /* Top_NavBG@2x.png in Resources */ = {isa = PBXBuildFile; fileRef = 675560B01A78B575001852F4 /* Top_NavBG@2x.png */; };
		6755614E1A78B575001852F4 /* back-icon.png in Resources */ = {isa = PBXBuildFile; fileRef = 675560B21A78B575001852F4 /* back-icon.png */; };
		6755614F1A78B575001852F4 /* back-icon@2x.png in Resources */ = {isa = PBXBuildFile; fileRef = 675560B31A78B575001852F4 /* back-icon@2x.png */; };
		675561501A78B575001852F4 /* BG.png in Resources */ = {isa = PBXBuildFile; fileRef = 675560B41A78B575001852F4 /* BG.png */; };
		675561511A78B575001852F4 /* BG@2x.png in Resources */ = {isa = PBXBuildFile; fileRef = 675560B51A78B575001852F4 /* BG@2x.png */; };
		675561521A78B575001852F4 /* form.png in Resources */ = {isa = PBXBuildFile; fileRef = 675560B61A78B575001852F4 /* form.png */; };
		675561531A78B575001852F4 /* form@2x.png in Resources */ = {isa = PBXBuildFile; fileRef = 675560B71A78B575001852F4 /* form@2x.png */; };
		675561541A78B575001852F4 /* menu-icon.png in Resources */ = {isa = PBXBuildFile; fileRef = 675560B81A78B575001852F4 /* menu-icon.png */; };
		675561551A78B575001852F4 /* menu-icon@2x.png in Resources */ = {isa = PBXBuildFile; fileRef = 675560B91A78B575001852F4 /* menu-icon@2x.png */; };
		675561561A78B575001852F4 /* Send_Bar_BG.png in Resources */ = {isa = PBXBuildFile; fileRef = 675560BA1A78B575001852F4 /* Send_Bar_BG.png */; };
		675561571A78B575001852F4 /* Send_Bar_BG@2x.png in Resources */ = {isa = PBXBuildFile; fileRef = 675560BB1A78B575001852F4 /* Send_Bar_BG@2x.png */; };
		675561581A78B575001852F4 /* SettingIcon.png in Resources */ = {isa = PBXBuildFile; fileRef = 675560BC1A78B575001852F4 /* SettingIcon.png */; };
		675561591A78B575001852F4 /* SettingIcon@2x.png in Resources */ = {isa = PBXBuildFile; fileRef = 675560BD1A78B575001852F4 /* SettingIcon@2x.png */; };
		6755615A1A78B575001852F4 /* Top_NavBG.png in Resources */ = {isa = PBXBuildFile; fileRef = 675560BE1A78B575001852F4 /* Top_NavBG.png */; };
		6755615B1A78B575001852F4 /* Top_NavBG@2x.png in Resources */ = {isa = PBXBuildFile; fileRef = 675560BF1A78B575001852F4 /* Top_NavBG@2x.png */; };
		6755615C1A78B575001852F4 /* back-icon.png in Resources */ = {isa = PBXBuildFile; fileRef = 675560C11A78B575001852F4 /* back-icon.png */; };
		6755615D1A78B575001852F4 /* back-icon@2x.png in Resources */ = {isa = PBXBuildFile; fileRef = 675560C21A78B575001852F4 /* back-icon@2x.png */; };
		6755615E1A78B575001852F4 /* BG.png in Resources */ = {isa = PBXBuildFile; fileRef = 675560C31A78B575001852F4 /* BG.png */; };
		6755615F1A78B575001852F4 /* BG@2x.png in Resources */ = {isa = PBXBuildFile; fileRef = 675560C41A78B575001852F4 /* BG@2x.png */; };
		675561601A78B575001852F4 /* EditProfile.png in Resources */ = {isa = PBXBuildFile; fileRef = 675560C51A78B575001852F4 /* EditProfile.png */; };
		675561611A78B575001852F4 /* EditProfile@2x.png in Resources */ = {isa = PBXBuildFile; fileRef = 675560C61A78B575001852F4 /* EditProfile@2x.png */; };
		675561621A78B575001852F4 /* Logout.png in Resources */ = {isa = PBXBuildFile; fileRef = 675560C71A78B575001852F4 /* Logout.png */; };
		675561631A78B575001852F4 /* Logout@2x.png in Resources */ = {isa = PBXBuildFile; fileRef = 675560C81A78B575001852F4 /* Logout@2x.png */; };
		675561641A78B575001852F4 /* menu-icon.png in Resources */ = {isa = PBXBuildFile; fileRef = 675560C91A78B575001852F4 /* menu-icon.png */; };
		675561651A78B575001852F4 /* menu-icon@2x.png in Resources */ = {isa = PBXBuildFile; fileRef = 675560CA1A78B575001852F4 /* menu-icon@2x.png */; };
		675561661A78B575001852F4 /* SettingIcon.png in Resources */ = {isa = PBXBuildFile; fileRef = 675560CB1A78B575001852F4 /* SettingIcon.png */; };
		675561671A78B575001852F4 /* SettingIcon@2x.png in Resources */ = {isa = PBXBuildFile; fileRef = 675560CC1A78B575001852F4 /* SettingIcon@2x.png */; };
		675561681A78B575001852F4 /* Top_NavBG.png in Resources */ = {isa = PBXBuildFile; fileRef = 675560CD1A78B575001852F4 /* Top_NavBG.png */; };
		675561691A78B575001852F4 /* Top_NavBG@2x.png in Resources */ = {isa = PBXBuildFile; fileRef = 675560CE1A78B575001852F4 /* Top_NavBG@2x.png */; };
		6755616A1A78B575001852F4 /* About_BG.png in Resources */ = {isa = PBXBuildFile; fileRef = 675560D01A78B575001852F4 /* About_BG.png */; };
		6755616B1A78B575001852F4 /* About_BG@2x.png in Resources */ = {isa = PBXBuildFile; fileRef = 675560D11A78B575001852F4 /* About_BG@2x.png */; };
		6755616C1A78B575001852F4 /* back-icon.png in Resources */ = {isa = PBXBuildFile; fileRef = 675560D21A78B575001852F4 /* back-icon.png */; };
		6755616D1A78B575001852F4 /* back-icon@2x.png in Resources */ = {isa = PBXBuildFile; fileRef = 675560D31A78B575001852F4 /* back-icon@2x.png */; };
		6755616E1A78B575001852F4 /* BG.png in Resources */ = {isa = PBXBuildFile; fileRef = 675560D41A78B575001852F4 /* BG.png */; };
		6755616F1A78B575001852F4 /* BG@2x.png in Resources */ = {isa = PBXBuildFile; fileRef = 675560D51A78B575001852F4 /* BG@2x.png */; };
		675561701A78B575001852F4 /* menu-icon.png in Resources */ = {isa = PBXBuildFile; fileRef = 675560D61A78B575001852F4 /* menu-icon.png */; };
		675561711A78B575001852F4 /* menu-icon@2x.png in Resources */ = {isa = PBXBuildFile; fileRef = 675560D71A78B575001852F4 /* menu-icon@2x.png */; };
		675561721A78B575001852F4 /* SettingIcon.png in Resources */ = {isa = PBXBuildFile; fileRef = 675560D81A78B575001852F4 /* SettingIcon.png */; };
		675561731A78B575001852F4 /* SettingIcon@2x.png in Resources */ = {isa = PBXBuildFile; fileRef = 675560D91A78B575001852F4 /* SettingIcon@2x.png */; };
		675561741A78B575001852F4 /* Top_NavBG.png in Resources */ = {isa = PBXBuildFile; fileRef = 675560DA1A78B575001852F4 /* Top_NavBG.png */; };
		675561751A78B575001852F4 /* Top_NavBG@2x.png in Resources */ = {isa = PBXBuildFile; fileRef = 675560DB1A78B575001852F4 /* Top_NavBG@2x.png */; };
		675561761A78B575001852F4 /* UserImage.png in Resources */ = {isa = PBXBuildFile; fileRef = 675560DC1A78B575001852F4 /* UserImage.png */; };
		675561771A78B575001852F4 /* UserImage@2x.png in Resources */ = {isa = PBXBuildFile; fileRef = 675560DD1A78B575001852F4 /* UserImage@2x.png */; };
		675561781A78B575001852F4 /* ChatNow_Icon.png in Resources */ = {isa = PBXBuildFile; fileRef = 675560DF1A78B575001852F4 /* ChatNow_Icon.png */; };
		675561791A78B575001852F4 /* ChatNow_Icon@2x.png in Resources */ = {isa = PBXBuildFile; fileRef = 675560E01A78B575001852F4 /* ChatNow_Icon@2x.png */; };
		6755617A1A78B575001852F4 /* Close-Button.png in Resources */ = {isa = PBXBuildFile; fileRef = 675560E11A78B575001852F4 /* Close-Button.png */; };
		6755617B1A78B575001852F4 /* Close-Button@2x.png in Resources */ = {isa = PBXBuildFile; fileRef = 675560E21A78B575001852F4 /* Close-Button@2x.png */; };
		6755617C1A78B575001852F4 /* back-icon.png in Resources */ = {isa = PBXBuildFile; fileRef = 675560E41A78B575001852F4 /* back-icon.png */; };
		6755617D1A78B575001852F4 /* back-icon@2x.png in Resources */ = {isa = PBXBuildFile; fileRef = 675560E51A78B575001852F4 /* back-icon@2x.png */; };
		6755617E1A78B575001852F4 /* ChatIcon.png in Resources */ = {isa = PBXBuildFile; fileRef = 675560E61A78B575001852F4 /* ChatIcon.png */; };
		6755617F1A78B575001852F4 /* ChatIcon@2x.png in Resources */ = {isa = PBXBuildFile; fileRef = 675560E71A78B575001852F4 /* ChatIcon@2x.png */; };
		675561801A78B575001852F4 /* SettingIcon.png in Resources */ = {isa = PBXBuildFile; fileRef = 675560E81A78B575001852F4 /* SettingIcon.png */; };
		675561811A78B575001852F4 /* SettingIcon@2x.png in Resources */ = {isa = PBXBuildFile; fileRef = 675560E91A78B575001852F4 /* SettingIcon@2x.png */; };
		675561821A78B575001852F4 /* 1024_icon-1-01.png in Resources */ = {isa = PBXBuildFile; fileRef = 675560EC1A78B575001852F4 /* 1024_icon-1-01.png */; };
		675561831A78B575001852F4 /* Icon-72.png in Resources */ = {isa = PBXBuildFile; fileRef = 675560EE1A78B575001852F4 /* Icon-72.png */; };
		675561841A78B575001852F4 /* Icon-72@2x.png in Resources */ = {isa = PBXBuildFile; fileRef = 675560EF1A78B575001852F4 /* Icon-72@2x.png */; };
		675561851A78B575001852F4 /* Icon-Small-50.png in Resources */ = {isa = PBXBuildFile; fileRef = 675560F01A78B575001852F4 /* Icon-Small-50.png */; };
		675561861A78B575001852F4 /* Icon-Small-50@2x.png in Resources */ = {isa = PBXBuildFile; fileRef = 675560F11A78B575001852F4 /* Icon-Small-50@2x.png */; };
		675561871A78B575001852F4 /* Icon-Small.png in Resources */ = {isa = PBXBuildFile; fileRef = 675560F21A78B575001852F4 /* Icon-Small.png */; };
		675561881A78B575001852F4 /* Icon-Small@2x.png in Resources */ = {isa = PBXBuildFile; fileRef = 675560F31A78B575001852F4 /* Icon-Small@2x.png */; };
		675561891A78B575001852F4 /* Icon.png in Resources */ = {isa = PBXBuildFile; fileRef = 675560F41A78B575001852F4 /* Icon.png */; };
		6755618A1A78B575001852F4 /* Icon@2x.png in Resources */ = {isa = PBXBuildFile; fileRef = 675560F51A78B575001852F4 /* Icon@2x.png */; };
		6755618B1A78B575001852F4 /* iTunesArtwork.png in Resources */ = {isa = PBXBuildFile; fileRef = 675560F61A78B575001852F4 /* iTunesArtwork.png */; };
		6755618C1A78B575001852F4 /* iTunesArtwork@2x.png in Resources */ = {isa = PBXBuildFile; fileRef = 675560F71A78B575001852F4 /* iTunesArtwork@2x.png */; };
		6755618D1A78B575001852F4 /* Icon-40.png in Resources */ = {isa = PBXBuildFile; fileRef = 675560F91A78B575001852F4 /* Icon-40.png */; };
		6755618E1A78B575001852F4 /* Icon-40@2x.png in Resources */ = {isa = PBXBuildFile; fileRef = 675560FA1A78B575001852F4 /* Icon-40@2x.png */; };
		6755618F1A78B575001852F4 /* Icon-60.png in Resources */ = {isa = PBXBuildFile; fileRef = 675560FB1A78B575001852F4 /* Icon-60.png */; };
		675561901A78B575001852F4 /* Icon-60@2x.png in Resources */ = {isa = PBXBuildFile; fileRef = 675560FC1A78B575001852F4 /* Icon-60@2x.png */; };
		675561911A78B575001852F4 /* Icon-72.png in Resources */ = {isa = PBXBuildFile; fileRef = 675560FD1A78B575001852F4 /* Icon-72.png */; };
		675561921A78B575001852F4 /* Icon-72@2x.png in Resources */ = {isa = PBXBuildFile; fileRef = 675560FE1A78B575001852F4 /* Icon-72@2x.png */; };
		675561931A78B575001852F4 /* Icon-76.png in Resources */ = {isa = PBXBuildFile; fileRef = 675560FF1A78B575001852F4 /* Icon-76.png */; };
		675561941A78B575001852F4 /* Icon-76@2x.png in Resources */ = {isa = PBXBuildFile; fileRef = 675561001A78B575001852F4 /* Icon-76@2x.png */; };
		675561951A78B575001852F4 /* Icon-Small-50.png in Resources */ = {isa = PBXBuildFile; fileRef = 675561011A78B575001852F4 /* Icon-Small-50.png */; };
		675561961A78B575001852F4 /* Icon-Small-50@2x.png in Resources */ = {isa = PBXBuildFile; fileRef = 675561021A78B575001852F4 /* Icon-Small-50@2x.png */; };
		675561971A78B575001852F4 /* Icon-Small.png in Resources */ = {isa = PBXBuildFile; fileRef = 675561031A78B575001852F4 /* Icon-Small.png */; };
		675561981A78B575001852F4 /* Icon-Small@2x.png in Resources */ = {isa = PBXBuildFile; fileRef = 675561041A78B575001852F4 /* Icon-Small@2x.png */; };
		675561991A78B575001852F4 /* Icon.png in Resources */ = {isa = PBXBuildFile; fileRef = 675561051A78B575001852F4 /* Icon.png */; };
		6755619A1A78B575001852F4 /* Icon@2x.png in Resources */ = {isa = PBXBuildFile; fileRef = 675561061A78B575001852F4 /* Icon@2x.png */; };
		6755619B1A78B575001852F4 /* iTunesArtwork.png in Resources */ = {isa = PBXBuildFile; fileRef = 675561071A78B575001852F4 /* iTunesArtwork.png */; };
		6755619C1A78B575001852F4 /* iTunesArtwork@2x.png in Resources */ = {isa = PBXBuildFile; fileRef = 675561081A78B575001852F4 /* iTunesArtwork@2x.png */; };
		6755619D1A78B575001852F4 /* Matched_Up_DesignV3_red.pdf in Resources */ = {isa = PBXBuildFile; fileRef = 675561091A78B575001852F4 /* Matched_Up_DesignV3_red.pdf */; };
		67827E3E1A67F30900E3CB07 /* Constants.m in Sources */ = {isa = PBXBuildFile; fileRef = 67827E3D1A67F30900E3CB07 /* Constants.m */; };
		67C8BC311A6FCB4D0049A556 /* MatchViewController.m in Sources */ = {isa = PBXBuildFile; fileRef = 67C8BC301A6FCB4D0049A556 /* MatchViewController.m */; };
		67C8BC351A6FCCFC0049A556 /* MatchesViewController.m in Sources */ = {isa = PBXBuildFile; fileRef = 67C8BC341A6FCCFC0049A556 /* MatchesViewController.m */; };
		67C8BC391A6FD1A90049A556 /* ChatViewController.m in Sources */ = {isa = PBXBuildFile; fileRef = 67C8BC381A6FD1A90049A556 /* ChatViewController.m */; };
		67ED2C291A66BF1200D61305 /* main.m in Sources */ = {isa = PBXBuildFile; fileRef = 67ED2C281A66BF1200D61305 /* main.m */; };
		67ED2C2C1A66BF1200D61305 /* AppDelegate.m in Sources */ = {isa = PBXBuildFile; fileRef = 67ED2C2B1A66BF1200D61305 /* AppDelegate.m */; };
		67ED2C351A66BF1200D61305 /* Main.storyboard in Resources */ = {isa = PBXBuildFile; fileRef = 67ED2C331A66BF1200D61305 /* Main.storyboard */; };
		67ED2C371A66BF1200D61305 /* Images.xcassets in Resources */ = {isa = PBXBuildFile; fileRef = 67ED2C361A66BF1200D61305 /* Images.xcassets */; };
		67ED2C3A1A66BF1200D61305 /* LaunchScreen.xib in Resources */ = {isa = PBXBuildFile; fileRef = 67ED2C381A66BF1200D61305 /* LaunchScreen.xib */; };
		67ED2C461A66BF1200D61305 /* MatchedUpTests.m in Sources */ = {isa = PBXBuildFile; fileRef = 67ED2C451A66BF1200D61305 /* MatchedUpTests.m */; };
		67ED2C511A66CB0B00D61305 /* LoginViewController.m in Sources */ = {isa = PBXBuildFile; fileRef = 67ED2C501A66CB0B00D61305 /* LoginViewController.m */; };
		F67876D5D968CB55702E77AF /* libPods.a in Frameworks */ = {isa = PBXBuildFile; fileRef = DAE85DF2D5BF32D73062896F /* libPods.a */; };
/* End PBXBuildFile section */

/* Begin PBXContainerItemProxy section */
		67ED2C401A66BF1200D61305 /* PBXContainerItemProxy */ = {
			isa = PBXContainerItemProxy;
			containerPortal = 67ED2C1B1A66BF1200D61305 /* Project object */;
			proxyType = 1;
			remoteGlobalIDString = 67ED2C221A66BF1200D61305;
			remoteInfo = MatchedUp;
		};
/* End PBXContainerItemProxy section */

/* Begin PBXFileReference section */
		26189F1A246D0B56262B575D /* Pods.debug.xcconfig */ = {isa = PBXFileReference; includeInIndex = 1; lastKnownFileType = text.xcconfig; name = Pods.debug.xcconfig; path = "Pods/Target Support Files/Pods/Pods.debug.xcconfig"; sourceTree = "<group>"; };
		2C1D6FEF11D96F34467267E4 /* Pods.release.xcconfig */ = {isa = PBXFileReference; includeInIndex = 1; lastKnownFileType = text.xcconfig; name = Pods.release.xcconfig; path = "Pods/Target Support Files/Pods/Pods.release.xcconfig"; sourceTree = "<group>"; };
		6703A8CA1A6E65E900456EAE /* HomeViewController.h */ = {isa = PBXFileReference; fileEncoding = 4; lastKnownFileType = sourcecode.c.h; path = HomeViewController.h; sourceTree = "<group>"; };
		6703A8CB1A6E65E900456EAE /* HomeViewController.m */ = {isa = PBXFileReference; fileEncoding = 4; lastKnownFileType = sourcecode.c.objc; path = HomeViewController.m; sourceTree = "<group>"; };
		6703A8CE1A6E6D8E00456EAE /* SettingsViewController.h */ = {isa = PBXFileReference; fileEncoding = 4; lastKnownFileType = sourcecode.c.h; path = SettingsViewController.h; sourceTree = "<group>"; };
		6703A8CF1A6E6D8E00456EAE /* SettingsViewController.m */ = {isa = PBXFileReference; fileEncoding = 4; lastKnownFileType = sourcecode.c.objc; path = SettingsViewController.m; sourceTree = "<group>"; };
		6703A8D21A6E6FF200456EAE /* EditProfileViewController.h */ = {isa = PBXFileReference; fileEncoding = 4; lastKnownFileType = sourcecode.c.h; path = EditProfileViewController.h; sourceTree = "<group>"; };
		6703A8D31A6E6FF200456EAE /* EditProfileViewController.m */ = {isa = PBXFileReference; fileEncoding = 4; lastKnownFileType = sourcecode.c.objc; path = EditProfileViewController.m; sourceTree = "<group>"; };
		6703A8D61A6E71F100456EAE /* ProfileViewController.h */ = {isa = PBXFileReference; fileEncoding = 4; lastKnownFileType = sourcecode.c.h; path = ProfileViewController.h; sourceTree = "<group>"; };
		6703A8D71A6E71F100456EAE /* ProfileViewController.m */ = {isa = PBXFileReference; fileEncoding = 4; lastKnownFileType = sourcecode.c.objc; path = ProfileViewController.m; sourceTree = "<group>"; };
		6703A8D91A6EBF4200456EAE /* TestUser.h */ = {isa = PBXFileReference; fileEncoding = 4; lastKnownFileType = sourcecode.c.h; path = TestUser.h; sourceTree = "<group>"; };
		6703A8DA1A6EBF4200456EAE /* TestUser.m */ = {isa = PBXFileReference; fileEncoding = 4; lastKnownFileType = sourcecode.c.objc; path = TestUser.m; sourceTree = "<group>"; };
		6703A8DC1A6EC13200456EAE /* ProfileImage1.jpg */ = {isa = PBXFileReference; lastKnownFileType = image.jpeg; path = ProfileImage1.jpg; sourceTree = "<group>"; };
		675560641A77E8CB001852F4 /* defaultPrefsFile.plist */ = {isa = PBXFileReference; fileEncoding = 4; lastKnownFileType = text.plist.xml; name = defaultPrefsFile.plist; path = Controller/defaultPrefsFile.plist; sourceTree = "<group>"; };
		675560691A78B575001852F4 /* BG.png */ = {isa = PBXFileReference; lastKnownFileType = image.png; path = BG.png; sourceTree = "<group>"; };
		6755606A1A78B575001852F4 /* BG@2x.png */ = {isa = PBXFileReference; lastKnownFileType = image.png; path = "BG@2x.png"; sourceTree = "<group>"; };
		6755606B1A78B575001852F4 /* BG.png */ = {isa = PBXFileReference; lastKnownFileType = image.png; path = BG.png; sourceTree = "<group>"; };
		6755606C1A78B575001852F4 /* BG@2x.png */ = {isa = PBXFileReference; lastKnownFileType = image.png; path = "BG@2x.png"; sourceTree = "<group>"; };
		6755606E1A78B575001852F4 /* Facebook.png */ = {isa = PBXFileReference; lastKnownFileType = image.png; path = Facebook.png; sourceTree = "<group>"; };
		6755606F1A78B575001852F4 /* Facebook@2x.png */ = {isa = PBXFileReference; lastKnownFileType = image.png; path = "Facebook@2x.png"; sourceTree = "<group>"; };
		675560701A78B575001852F4 /* Logo.png */ = {isa = PBXFileReference; lastKnownFileType = image.png; path = Logo.png; sourceTree = "<group>"; };
		675560711A78B575001852F4 /* Logo@2x.png */ = {isa = PBXFileReference; lastKnownFileType = image.png; path = "Logo@2x.png"; sourceTree = "<group>"; };
		675560731A78B575001852F4 /* BG.png */ = {isa = PBXFileReference; lastKnownFileType = image.png; path = BG.png; sourceTree = "<group>"; };
		675560741A78B575001852F4 /* BG@2x.png */ = {isa = PBXFileReference; lastKnownFileType = image.png; path = "BG@2x.png"; sourceTree = "<group>"; };
		675560751A78B575001852F4 /* ChatIcon.png */ = {isa = PBXFileReference; lastKnownFileType = image.png; path = ChatIcon.png; sourceTree = "<group>"; };
		675560761A78B575001852F4 /* ChatIcon@2x.png */ = {isa = PBXFileReference; lastKnownFileType = image.png; path = "ChatIcon@2x.png"; sourceTree = "<group>"; };
		675560771A78B575001852F4 /* DislikeIcon.png */ = {isa = PBXFileReference; lastKnownFileType = image.png; path = DislikeIcon.png; sourceTree = "<group>"; };
		675560781A78B575001852F4 /* DislikeIcon@2x.png */ = {isa = PBXFileReference; lastKnownFileType = image.png; path = "DislikeIcon@2x.png"; sourceTree = "<group>"; };
		675560791A78B575001852F4 /* InfoIcon.png */ = {isa = PBXFileReference; lastKnownFileType = image.png; path = InfoIcon.png; sourceTree = "<group>"; };
		6755607A1A78B575001852F4 /* InfoIcon@2x.png */ = {isa = PBXFileReference; lastKnownFileType = image.png; path = "InfoIcon@2x.png"; sourceTree = "<group>"; };
		6755607B1A78B575001852F4 /* LikeIcon.png */ = {isa = PBXFileReference; lastKnownFileType = image.png; path = LikeIcon.png; sourceTree = "<group>"; };
		6755607C1A78B575001852F4 /* LikeIcon@2x.png */ = {isa = PBXFileReference; lastKnownFileType = image.png; path = "LikeIcon@2x.png"; sourceTree = "<group>"; };
		6755607D1A78B575001852F4 /* Matched-Up.png */ = {isa = PBXFileReference; lastKnownFileType = image.png; path = "Matched-Up.png"; sourceTree = "<group>"; };
		6755607E1A78B575001852F4 /* Matched-Up@2x.png */ = {isa = PBXFileReference; lastKnownFileType = image.png; path = "Matched-Up@2x.png"; sourceTree = "<group>"; };
		6755607F1A78B575001852F4 /* SettingIcon.png */ = {isa = PBXFileReference; lastKnownFileType = image.png; path = SettingIcon.png; sourceTree = "<group>"; };
		675560801A78B575001852F4 /* SettingIcon@2x.png */ = {isa = PBXFileReference; lastKnownFileType = image.png; path = "SettingIcon@2x.png"; sourceTree = "<group>"; };
		675560811A78B575001852F4 /* Top_NavBG.png */ = {isa = PBXFileReference; lastKnownFileType = image.png; path = Top_NavBG.png; sourceTree = "<group>"; };
		675560821A78B575001852F4 /* Top_NavBG@2x.png */ = {isa = PBXFileReference; lastKnownFileType = image.png; path = "Top_NavBG@2x.png"; sourceTree = "<group>"; };
		675560831A78B575001852F4 /* User_Image.png */ = {isa = PBXFileReference; lastKnownFileType = image.png; path = User_Image.png; sourceTree = "<group>"; };
		675560841A78B575001852F4 /* User_Image@2x.png */ = {isa = PBXFileReference; lastKnownFileType = image.png; path = "User_Image@2x.png"; sourceTree = "<group>"; };
		675560851A78B575001852F4 /* VP_BG.png */ = {isa = PBXFileReference; lastKnownFileType = image.png; path = VP_BG.png; sourceTree = "<group>"; };
		675560861A78B575001852F4 /* VP_BG@2x.png */ = {isa = PBXFileReference; lastKnownFileType = image.png; path = "VP_BG@2x.png"; sourceTree = "<group>"; };
		675560881A78B575001852F4 /* About_BG.png */ = {isa = PBXFileReference; lastKnownFileType = image.png; path = About_BG.png; sourceTree = "<group>"; };
		675560891A78B575001852F4 /* About_BG@2x.png */ = {isa = PBXFileReference; lastKnownFileType = image.png; path = "About_BG@2x.png"; sourceTree = "<group>"; };
		6755608A1A78B575001852F4 /* AgeIcon.png */ = {isa = PBXFileReference; lastKnownFileType = image.png; path = AgeIcon.png; sourceTree = "<group>"; };
		6755608B1A78B575001852F4 /* AgeIcon@2x.png */ = {isa = PBXFileReference; lastKnownFileType = image.png; path = "AgeIcon@2x.png"; sourceTree = "<group>"; };
		6755608C1A78B575001852F4 /* BG.png */ = {isa = PBXFileReference; lastKnownFileType = image.png; path = BG.png; sourceTree = "<group>"; };
		6755608D1A78B575001852F4 /* BG@2x.png */ = {isa = PBXFileReference; lastKnownFileType = image.png; path = "BG@2x.png"; sourceTree = "<group>"; };
		6755608E1A78B575001852F4 /* ChatIcon.png */ = {isa = PBXFileReference; lastKnownFileType = image.png; path = ChatIcon.png; sourceTree = "<group>"; };
		6755608F1A78B575001852F4 /* ChatIcon@2x.png */ = {isa = PBXFileReference; lastKnownFileType = image.png; path = "ChatIcon@2x.png"; sourceTree = "<group>"; };
		675560901A78B575001852F4 /* DislikeIcon.png */ = {isa = PBXFileReference; lastKnownFileType = image.png; path = DislikeIcon.png; sourceTree = "<group>"; };
		675560911A78B575001852F4 /* DislikeIcon@2x.png */ = {isa = PBXFileReference; lastKnownFileType = image.png; path = "DislikeIcon@2x.png"; sourceTree = "<group>"; };
		675560921A78B575001852F4 /* InfoIcon.png */ = {isa = PBXFileReference; lastKnownFileType = image.png; path = InfoIcon.png; sourceTree = "<group>"; };
		675560931A78B575001852F4 /* InfoIcon@2x.png */ = {isa = PBXFileReference; lastKnownFileType = image.png; path = "InfoIcon@2x.png"; sourceTree = "<group>"; };
		675560941A78B575001852F4 /* LikeIcon.png */ = {isa = PBXFileReference; lastKnownFileType = image.png; path = LikeIcon.png; sourceTree = "<group>"; };
		675560951A78B575001852F4 /* LikeIcon@2x.png */ = {isa = PBXFileReference; lastKnownFileType = image.png; path = "LikeIcon@2x.png"; sourceTree = "<group>"; };
		675560961A78B575001852F4 /* location.png */ = {isa = PBXFileReference; lastKnownFileType = image.png; path = location.png; sourceTree = "<group>"; };
		675560971A78B575001852F4 /* location@2x.png */ = {isa = PBXFileReference; lastKnownFileType = image.png; path = "location@2x.png"; sourceTree = "<group>"; };
		675560981A78B575001852F4 /* NameAgeStatusBar.png */ = {isa = PBXFileReference; lastKnownFileType = image.png; path = NameAgeStatusBar.png; sourceTree = "<group>"; };
		675560991A78B575001852F4 /* NameAgeStatusBar@2x.png */ = {isa = PBXFileReference; lastKnownFileType = image.png; path = "NameAgeStatusBar@2x.png"; sourceTree = "<group>"; };
		6755609A1A78B575001852F4 /* SettingIcon.png */ = {isa = PBXFileReference; lastKnownFileType = image.png; path = SettingIcon.png; sourceTree = "<group>"; };
		6755609B1A78B575001852F4 /* SettingIcon@2x.png */ = {isa = PBXFileReference; lastKnownFileType = image.png; path = "SettingIcon@2x.png"; sourceTree = "<group>"; };
		6755609C1A78B575001852F4 /* Single.png */ = {isa = PBXFileReference; lastKnownFileType = image.png; path = Single.png; sourceTree = "<group>"; };
		6755609D1A78B575001852F4 /* Single@2x.png */ = {isa = PBXFileReference; lastKnownFileType = image.png; path = "Single@2x.png"; sourceTree = "<group>"; };
		6755609E1A78B575001852F4 /* StatusIcon.png */ = {isa = PBXFileReference; lastKnownFileType = image.png; path = StatusIcon.png; sourceTree = "<group>"; };
		6755609F1A78B575001852F4 /* StatusIcon@2x.png */ = {isa = PBXFileReference; lastKnownFileType = image.png; path = "StatusIcon@2x.png"; sourceTree = "<group>"; };
		675560A01A78B575001852F4 /* UserImage.png */ = {isa = PBXFileReference; lastKnownFileType = image.png; path = UserImage.png; sourceTree = "<group>"; };
		675560A11A78B575001852F4 /* UserImage@2x.png */ = {isa = PBXFileReference; lastKnownFileType = image.png; path = "UserImage@2x.png"; sourceTree = "<group>"; };
		675560A21A78B575001852F4 /* VP_BG.png */ = {isa = PBXFileReference; lastKnownFileType = image.png; path = VP_BG.png; sourceTree = "<group>"; };
		675560A31A78B575001852F4 /* VP_BG@2x.png */ = {isa = PBXFileReference; lastKnownFileType = image.png; path = "VP_BG@2x.png"; sourceTree = "<group>"; };
		675560A51A78B575001852F4 /* back-icon.png */ = {isa = PBXFileReference; lastKnownFileType = image.png; path = "back-icon.png"; sourceTree = "<group>"; };
		675560A61A78B575001852F4 /* back-icon@2x.png */ = {isa = PBXFileReference; lastKnownFileType = image.png; path = "back-icon@2x.png"; sourceTree = "<group>"; };
		675560A71A78B575001852F4 /* BG.png */ = {isa = PBXFileReference; lastKnownFileType = image.png; path = BG.png; sourceTree = "<group>"; };
		675560A81A78B575001852F4 /* BG@2x.png */ = {isa = PBXFileReference; lastKnownFileType = image.png; path = "BG@2x.png"; sourceTree = "<group>"; };
		675560A91A78B575001852F4 /* Chat_user.png */ = {isa = PBXFileReference; lastKnownFileType = image.png; path = Chat_user.png; sourceTree = "<group>"; };
		675560AA1A78B575001852F4 /* Chat_user@2x.png */ = {isa = PBXFileReference; lastKnownFileType = image.png; path = "Chat_user@2x.png"; sourceTree = "<group>"; };
		675560AB1A78B575001852F4 /* menu-icon.png */ = {isa = PBXFileReference; lastKnownFileType = image.png; path = "menu-icon.png"; sourceTree = "<group>"; };
		675560AC1A78B575001852F4 /* menu-icon@2x.png */ = {isa = PBXFileReference; lastKnownFileType = image.png; path = "menu-icon@2x.png"; sourceTree = "<group>"; };
		675560AD1A78B575001852F4 /* SettingIcon.png */ = {isa = PBXFileReference; lastKnownFileType = image.png; path = SettingIcon.png; sourceTree = "<group>"; };
		675560AE1A78B575001852F4 /* SettingIcon@2x.png */ = {isa = PBXFileReference; lastKnownFileType = image.png; path = "SettingIcon@2x.png"; sourceTree = "<group>"; };
		675560AF1A78B575001852F4 /* Top_NavBG.png */ = {isa = PBXFileReference; lastKnownFileType = image.png; path = Top_NavBG.png; sourceTree = "<group>"; };
		675560B01A78B575001852F4 /* Top_NavBG@2x.png */ = {isa = PBXFileReference; lastKnownFileType = image.png; path = "Top_NavBG@2x.png"; sourceTree = "<group>"; };
		675560B21A78B575001852F4 /* back-icon.png */ = {isa = PBXFileReference; lastKnownFileType = image.png; path = "back-icon.png"; sourceTree = "<group>"; };
		675560B31A78B575001852F4 /* back-icon@2x.png */ = {isa = PBXFileReference; lastKnownFileType = image.png; path = "back-icon@2x.png"; sourceTree = "<group>"; };
		675560B41A78B575001852F4 /* BG.png */ = {isa = PBXFileReference; lastKnownFileType = image.png; path = BG.png; sourceTree = "<group>"; };
		675560B51A78B575001852F4 /* BG@2x.png */ = {isa = PBXFileReference; lastKnownFileType = image.png; path = "BG@2x.png"; sourceTree = "<group>"; };
		675560B61A78B575001852F4 /* form.png */ = {isa = PBXFileReference; lastKnownFileType = image.png; path = form.png; sourceTree = "<group>"; };
		675560B71A78B575001852F4 /* form@2x.png */ = {isa = PBXFileReference; lastKnownFileType = image.png; path = "form@2x.png"; sourceTree = "<group>"; };
		675560B81A78B575001852F4 /* menu-icon.png */ = {isa = PBXFileReference; lastKnownFileType = image.png; path = "menu-icon.png"; sourceTree = "<group>"; };
		675560B91A78B575001852F4 /* menu-icon@2x.png */ = {isa = PBXFileReference; lastKnownFileType = image.png; path = "menu-icon@2x.png"; sourceTree = "<group>"; };
		675560BA1A78B575001852F4 /* Send_Bar_BG.png */ = {isa = PBXFileReference; lastKnownFileType = image.png; path = Send_Bar_BG.png; sourceTree = "<group>"; };
		675560BB1A78B575001852F4 /* Send_Bar_BG@2x.png */ = {isa = PBXFileReference; lastKnownFileType = image.png; path = "Send_Bar_BG@2x.png"; sourceTree = "<group>"; };
		675560BC1A78B575001852F4 /* SettingIcon.png */ = {isa = PBXFileReference; lastKnownFileType = image.png; path = SettingIcon.png; sourceTree = "<group>"; };
		675560BD1A78B575001852F4 /* SettingIcon@2x.png */ = {isa = PBXFileReference; lastKnownFileType = image.png; path = "SettingIcon@2x.png"; sourceTree = "<group>"; };
		675560BE1A78B575001852F4 /* Top_NavBG.png */ = {isa = PBXFileReference; lastKnownFileType = image.png; path = Top_NavBG.png; sourceTree = "<group>"; };
		675560BF1A78B575001852F4 /* Top_NavBG@2x.png */ = {isa = PBXFileReference; lastKnownFileType = image.png; path = "Top_NavBG@2x.png"; sourceTree = "<group>"; };
		675560C11A78B575001852F4 /* back-icon.png */ = {isa = PBXFileReference; lastKnownFileType = image.png; path = "back-icon.png"; sourceTree = "<group>"; };
		675560C21A78B575001852F4 /* back-icon@2x.png */ = {isa = PBXFileReference; lastKnownFileType = image.png; path = "back-icon@2x.png"; sourceTree = "<group>"; };
		675560C31A78B575001852F4 /* BG.png */ = {isa = PBXFileReference; lastKnownFileType = image.png; path = BG.png; sourceTree = "<group>"; };
		675560C41A78B575001852F4 /* BG@2x.png */ = {isa = PBXFileReference; lastKnownFileType = image.png; path = "BG@2x.png"; sourceTree = "<group>"; };
		675560C51A78B575001852F4 /* EditProfile.png */ = {isa = PBXFileReference; lastKnownFileType = image.png; path = EditProfile.png; sourceTree = "<group>"; };
		675560C61A78B575001852F4 /* EditProfile@2x.png */ = {isa = PBXFileReference; lastKnownFileType = image.png; path = "EditProfile@2x.png"; sourceTree = "<group>"; };
		675560C71A78B575001852F4 /* Logout.png */ = {isa = PBXFileReference; lastKnownFileType = image.png; path = Logout.png; sourceTree = "<group>"; };
		675560C81A78B575001852F4 /* Logout@2x.png */ = {isa = PBXFileReference; lastKnownFileType = image.png; path = "Logout@2x.png"; sourceTree = "<group>"; };
		675560C91A78B575001852F4 /* menu-icon.png */ = {isa = PBXFileReference; lastKnownFileType = image.png; path = "menu-icon.png"; sourceTree = "<group>"; };
		675560CA1A78B575001852F4 /* menu-icon@2x.png */ = {isa = PBXFileReference; lastKnownFileType = image.png; path = "menu-icon@2x.png"; sourceTree = "<group>"; };
		675560CB1A78B575001852F4 /* SettingIcon.png */ = {isa = PBXFileReference; lastKnownFileType = image.png; path = SettingIcon.png; sourceTree = "<group>"; };
		675560CC1A78B575001852F4 /* SettingIcon@2x.png */ = {isa = PBXFileReference; lastKnownFileType = image.png; path = "SettingIcon@2x.png"; sourceTree = "<group>"; };
		675560CD1A78B575001852F4 /* Top_NavBG.png */ = {isa = PBXFileReference; lastKnownFileType = image.png; path = Top_NavBG.png; sourceTree = "<group>"; };
		675560CE1A78B575001852F4 /* Top_NavBG@2x.png */ = {isa = PBXFileReference; lastKnownFileType = image.png; path = "Top_NavBG@2x.png"; sourceTree = "<group>"; };
		675560D01A78B575001852F4 /* About_BG.png */ = {isa = PBXFileReference; lastKnownFileType = image.png; path = About_BG.png; sourceTree = "<group>"; };
		675560D11A78B575001852F4 /* About_BG@2x.png */ = {isa = PBXFileReference; lastKnownFileType = image.png; path = "About_BG@2x.png"; sourceTree = "<group>"; };
		675560D21A78B575001852F4 /* back-icon.png */ = {isa = PBXFileReference; lastKnownFileType = image.png; path = "back-icon.png"; sourceTree = "<group>"; };
		675560D31A78B575001852F4 /* back-icon@2x.png */ = {isa = PBXFileReference; lastKnownFileType = image.png; path = "back-icon@2x.png"; sourceTree = "<group>"; };
		675560D41A78B575001852F4 /* BG.png */ = {isa = PBXFileReference; lastKnownFileType = image.png; path = BG.png; sourceTree = "<group>"; };
		675560D51A78B575001852F4 /* BG@2x.png */ = {isa = PBXFileReference; lastKnownFileType = image.png; path = "BG@2x.png"; sourceTree = "<group>"; };
		675560D61A78B575001852F4 /* menu-icon.png */ = {isa = PBXFileReference; lastKnownFileType = image.png; path = "menu-icon.png"; sourceTree = "<group>"; };
		675560D71A78B575001852F4 /* menu-icon@2x.png */ = {isa = PBXFileReference; lastKnownFileType = image.png; path = "menu-icon@2x.png"; sourceTree = "<group>"; };
		675560D81A78B575001852F4 /* SettingIcon.png */ = {isa = PBXFileReference; lastKnownFileType = image.png; path = SettingIcon.png; sourceTree = "<group>"; };
		675560D91A78B575001852F4 /* SettingIcon@2x.png */ = {isa = PBXFileReference; lastKnownFileType = image.png; path = "SettingIcon@2x.png"; sourceTree = "<group>"; };
		675560DA1A78B575001852F4 /* Top_NavBG.png */ = {isa = PBXFileReference; lastKnownFileType = image.png; path = Top_NavBG.png; sourceTree = "<group>"; };
		675560DB1A78B575001852F4 /* Top_NavBG@2x.png */ = {isa = PBXFileReference; lastKnownFileType = image.png; path = "Top_NavBG@2x.png"; sourceTree = "<group>"; };
		675560DC1A78B575001852F4 /* UserImage.png */ = {isa = PBXFileReference; lastKnownFileType = image.png; path = UserImage.png; sourceTree = "<group>"; };
		675560DD1A78B575001852F4 /* UserImage@2x.png */ = {isa = PBXFileReference; lastKnownFileType = image.png; path = "UserImage@2x.png"; sourceTree = "<group>"; };
		675560DF1A78B575001852F4 /* ChatNow_Icon.png */ = {isa = PBXFileReference; lastKnownFileType = image.png; path = ChatNow_Icon.png; sourceTree = "<group>"; };
		675560E01A78B575001852F4 /* ChatNow_Icon@2x.png */ = {isa = PBXFileReference; lastKnownFileType = image.png; path = "ChatNow_Icon@2x.png"; sourceTree = "<group>"; };
		675560E11A78B575001852F4 /* Close-Button.png */ = {isa = PBXFileReference; lastKnownFileType = image.png; path = "Close-Button.png"; sourceTree = "<group>"; };
		675560E21A78B575001852F4 /* Close-Button@2x.png */ = {isa = PBXFileReference; lastKnownFileType = image.png; path = "Close-Button@2x.png"; sourceTree = "<group>"; };
		675560E41A78B575001852F4 /* back-icon.png */ = {isa = PBXFileReference; lastKnownFileType = image.png; path = "back-icon.png"; sourceTree = "<group>"; };
		675560E51A78B575001852F4 /* back-icon@2x.png */ = {isa = PBXFileReference; lastKnownFileType = image.png; path = "back-icon@2x.png"; sourceTree = "<group>"; };
		675560E61A78B575001852F4 /* ChatIcon.png */ = {isa = PBXFileReference; lastKnownFileType = image.png; path = ChatIcon.png; sourceTree = "<group>"; };
		675560E71A78B575001852F4 /* ChatIcon@2x.png */ = {isa = PBXFileReference; lastKnownFileType = image.png; path = "ChatIcon@2x.png"; sourceTree = "<group>"; };
		675560E81A78B575001852F4 /* SettingIcon.png */ = {isa = PBXFileReference; lastKnownFileType = image.png; path = SettingIcon.png; sourceTree = "<group>"; };
		675560E91A78B575001852F4 /* SettingIcon@2x.png */ = {isa = PBXFileReference; lastKnownFileType = image.png; path = "SettingIcon@2x.png"; sourceTree = "<group>"; };
		675560EC1A78B575001852F4 /* 1024_icon-1-01.png */ = {isa = PBXFileReference; lastKnownFileType = image.png; path = "1024_icon-1-01.png"; sourceTree = "<group>"; };
		675560EE1A78B575001852F4 /* Icon-72.png */ = {isa = PBXFileReference; lastKnownFileType = image.png; path = "Icon-72.png"; sourceTree = "<group>"; };
		675560EF1A78B575001852F4 /* Icon-72@2x.png */ = {isa = PBXFileReference; lastKnownFileType = image.png; path = "Icon-72@2x.png"; sourceTree = "<group>"; };
		675560F01A78B575001852F4 /* Icon-Small-50.png */ = {isa = PBXFileReference; lastKnownFileType = image.png; path = "Icon-Small-50.png"; sourceTree = "<group>"; };
		675560F11A78B575001852F4 /* Icon-Small-50@2x.png */ = {isa = PBXFileReference; lastKnownFileType = image.png; path = "Icon-Small-50@2x.png"; sourceTree = "<group>"; };
		675560F21A78B575001852F4 /* Icon-Small.png */ = {isa = PBXFileReference; lastKnownFileType = image.png; path = "Icon-Small.png"; sourceTree = "<group>"; };
		675560F31A78B575001852F4 /* Icon-Small@2x.png */ = {isa = PBXFileReference; lastKnownFileType = image.png; path = "Icon-Small@2x.png"; sourceTree = "<group>"; };
		675560F41A78B575001852F4 /* Icon.png */ = {isa = PBXFileReference; lastKnownFileType = image.png; path = Icon.png; sourceTree = "<group>"; };
		675560F51A78B575001852F4 /* Icon@2x.png */ = {isa = PBXFileReference; lastKnownFileType = image.png; path = "Icon@2x.png"; sourceTree = "<group>"; };
		675560F61A78B575001852F4 /* iTunesArtwork.png */ = {isa = PBXFileReference; lastKnownFileType = image.png; path = iTunesArtwork.png; sourceTree = "<group>"; };
		675560F71A78B575001852F4 /* iTunesArtwork@2x.png */ = {isa = PBXFileReference; lastKnownFileType = image.png; path = "iTunesArtwork@2x.png"; sourceTree = "<group>"; };
		675560F91A78B575001852F4 /* Icon-40.png */ = {isa = PBXFileReference; lastKnownFileType = image.png; path = "Icon-40.png"; sourceTree = "<group>"; };
		675560FA1A78B575001852F4 /* Icon-40@2x.png */ = {isa = PBXFileReference; lastKnownFileType = image.png; path = "Icon-40@2x.png"; sourceTree = "<group>"; };
		675560FB1A78B575001852F4 /* Icon-60.png */ = {isa = PBXFileReference; lastKnownFileType = image.png; path = "Icon-60.png"; sourceTree = "<group>"; };
		675560FC1A78B575001852F4 /* Icon-60@2x.png */ = {isa = PBXFileReference; lastKnownFileType = image.png; path = "Icon-60@2x.png"; sourceTree = "<group>"; };
		675560FD1A78B575001852F4 /* Icon-72.png */ = {isa = PBXFileReference; lastKnownFileType = image.png; path = "Icon-72.png"; sourceTree = "<group>"; };
		675560FE1A78B575001852F4 /* Icon-72@2x.png */ = {isa = PBXFileReference; lastKnownFileType = image.png; path = "Icon-72@2x.png"; sourceTree = "<group>"; };
		675560FF1A78B575001852F4 /* Icon-76.png */ = {isa = PBXFileReference; lastKnownFileType = image.png; path = "Icon-76.png"; sourceTree = "<group>"; };
		675561001A78B575001852F4 /* Icon-76@2x.png */ = {isa = PBXFileReference; lastKnownFileType = image.png; path = "Icon-76@2x.png"; sourceTree = "<group>"; };
		675561011A78B575001852F4 /* Icon-Small-50.png */ = {isa = PBXFileReference; lastKnownFileType = image.png; path = "Icon-Small-50.png"; sourceTree = "<group>"; };
		675561021A78B575001852F4 /* Icon-Small-50@2x.png */ = {isa = PBXFileReference; lastKnownFileType = image.png; path = "Icon-Small-50@2x.png"; sourceTree = "<group>"; };
		675561031A78B575001852F4 /* Icon-Small.png */ = {isa = PBXFileReference; lastKnownFileType = image.png; path = "Icon-Small.png"; sourceTree = "<group>"; };
		675561041A78B575001852F4 /* Icon-Small@2x.png */ = {isa = PBXFileReference; lastKnownFileType = image.png; path = "Icon-Small@2x.png"; sourceTree = "<group>"; };
		675561051A78B575001852F4 /* Icon.png */ = {isa = PBXFileReference; lastKnownFileType = image.png; path = Icon.png; sourceTree = "<group>"; };
		675561061A78B575001852F4 /* Icon@2x.png */ = {isa = PBXFileReference; lastKnownFileType = image.png; path = "Icon@2x.png"; sourceTree = "<group>"; };
		675561071A78B575001852F4 /* iTunesArtwork.png */ = {isa = PBXFileReference; lastKnownFileType = image.png; path = iTunesArtwork.png; sourceTree = "<group>"; };
		675561081A78B575001852F4 /* iTunesArtwork@2x.png */ = {isa = PBXFileReference; lastKnownFileType = image.png; path = "iTunesArtwork@2x.png"; sourceTree = "<group>"; };
		675561091A78B575001852F4 /* Matched_Up_DesignV3_red.pdf */ = {isa = PBXFileReference; lastKnownFileType = image.pdf; path = Matched_Up_DesignV3_red.pdf; sourceTree = "<group>"; };
		67827E3C1A67F30900E3CB07 /* Constants.h */ = {isa = PBXFileReference; fileEncoding = 4; lastKnownFileType = sourcecode.c.h; path = Constants.h; sourceTree = "<group>"; };
		67827E3D1A67F30900E3CB07 /* Constants.m */ = {isa = PBXFileReference; fileEncoding = 4; lastKnownFileType = sourcecode.c.objc; path = Constants.m; sourceTree = "<group>"; };
		67C8BC2F1A6FCB4D0049A556 /* MatchViewController.h */ = {isa = PBXFileReference; fileEncoding = 4; lastKnownFileType = sourcecode.c.h; path = MatchViewController.h; sourceTree = "<group>"; };
		67C8BC301A6FCB4D0049A556 /* MatchViewController.m */ = {isa = PBXFileReference; fileEncoding = 4; lastKnownFileType = sourcecode.c.objc; path = MatchViewController.m; sourceTree = "<group>"; };
		67C8BC331A6FCCFC0049A556 /* MatchesViewController.h */ = {isa = PBXFileReference; fileEncoding = 4; lastKnownFileType = sourcecode.c.h; path = MatchesViewController.h; sourceTree = "<group>"; };
		67C8BC341A6FCCFC0049A556 /* MatchesViewController.m */ = {isa = PBXFileReference; fileEncoding = 4; lastKnownFileType = sourcecode.c.objc; path = MatchesViewController.m; sourceTree = "<group>"; };
		67C8BC371A6FD1A90049A556 /* ChatViewController.h */ = {isa = PBXFileReference; fileEncoding = 4; lastKnownFileType = sourcecode.c.h; path = ChatViewController.h; sourceTree = "<group>"; };
		67C8BC381A6FD1A90049A556 /* ChatViewController.m */ = {isa = PBXFileReference; fileEncoding = 4; lastKnownFileType = sourcecode.c.objc; path = ChatViewController.m; sourceTree = "<group>"; };
		67ED2C231A66BF1200D61305 /* MatchedUp.app */ = {isa = PBXFileReference; explicitFileType = wrapper.application; includeInIndex = 0; path = MatchedUp.app; sourceTree = BUILT_PRODUCTS_DIR; };
		67ED2C271A66BF1200D61305 /* Info.plist */ = {isa = PBXFileReference; lastKnownFileType = text.plist.xml; path = Info.plist; sourceTree = "<group>"; };
		67ED2C281A66BF1200D61305 /* main.m */ = {isa = PBXFileReference; lastKnownFileType = sourcecode.c.objc; path = main.m; sourceTree = "<group>"; };
		67ED2C2A1A66BF1200D61305 /* AppDelegate.h */ = {isa = PBXFileReference; lastKnownFileType = sourcecode.c.h; path = AppDelegate.h; sourceTree = "<group>"; };
		67ED2C2B1A66BF1200D61305 /* AppDelegate.m */ = {isa = PBXFileReference; lastKnownFileType = sourcecode.c.objc; path = AppDelegate.m; sourceTree = "<group>"; };
		67ED2C341A66BF1200D61305 /* Base */ = {isa = PBXFileReference; lastKnownFileType = file.storyboard; name = Base; path = Base.lproj/Main.storyboard; sourceTree = "<group>"; };
		67ED2C361A66BF1200D61305 /* Images.xcassets */ = {isa = PBXFileReference; lastKnownFileType = folder.assetcatalog; path = Images.xcassets; sourceTree = "<group>"; };
		67ED2C391A66BF1200D61305 /* Base */ = {isa = PBXFileReference; lastKnownFileType = file.xib; name = Base; path = Base.lproj/LaunchScreen.xib; sourceTree = "<group>"; };
		67ED2C3F1A66BF1200D61305 /* MatchedUpTests.xctest */ = {isa = PBXFileReference; explicitFileType = wrapper.cfbundle; includeInIndex = 0; path = MatchedUpTests.xctest; sourceTree = BUILT_PRODUCTS_DIR; };
		67ED2C441A66BF1200D61305 /* Info.plist */ = {isa = PBXFileReference; lastKnownFileType = text.plist.xml; path = Info.plist; sourceTree = "<group>"; };
		67ED2C451A66BF1200D61305 /* MatchedUpTests.m */ = {isa = PBXFileReference; lastKnownFileType = sourcecode.c.objc; path = MatchedUpTests.m; sourceTree = "<group>"; };
		67ED2C4F1A66CB0B00D61305 /* LoginViewController.h */ = {isa = PBXFileReference; fileEncoding = 4; lastKnownFileType = sourcecode.c.h; name = LoginViewController.h; path = ../LoginViewController.h; sourceTree = "<group>"; };
		67ED2C501A66CB0B00D61305 /* LoginViewController.m */ = {isa = PBXFileReference; fileEncoding = 4; lastKnownFileType = sourcecode.c.objc; name = LoginViewController.m; path = ../LoginViewController.m; sourceTree = "<group>"; };
		DAE85DF2D5BF32D73062896F /* libPods.a */ = {isa = PBXFileReference; explicitFileType = archive.ar; includeInIndex = 0; path = libPods.a; sourceTree = BUILT_PRODUCTS_DIR; };
/* End PBXFileReference section */

/* Begin PBXFrameworksBuildPhase section */
		67ED2C201A66BF1200D61305 /* Frameworks */ = {
			isa = PBXFrameworksBuildPhase;
			buildActionMask = 2147483647;
			files = (
				F67876D5D968CB55702E77AF /* libPods.a in Frameworks */,
			);
			runOnlyForDeploymentPostprocessing = 0;
		};
		67ED2C3C1A66BF1200D61305 /* Frameworks */ = {
			isa = PBXFrameworksBuildPhase;
			buildActionMask = 2147483647;
			files = (
			);
			runOnlyForDeploymentPostprocessing = 0;
		};
/* End PBXFrameworksBuildPhase section */

/* Begin PBXGroup section */
		6703A8C91A6E65A900456EAE /* Home */ = {
			isa = PBXGroup;
			children = (
				6703A8CA1A6E65E900456EAE /* HomeViewController.h */,
				6703A8CB1A6E65E900456EAE /* HomeViewController.m */,
			);
			name = Home;
			sourceTree = "<group>";
		};
		6703A8CD1A6E6D7C00456EAE /* Settings */ = {
			isa = PBXGroup;
			children = (
				6703A8CE1A6E6D8E00456EAE /* SettingsViewController.h */,
				6703A8CF1A6E6D8E00456EAE /* SettingsViewController.m */,
			);
			name = Settings;
			sourceTree = "<group>";
		};
		6703A8D11A6E6FD600456EAE /* EditProfile */ = {
			isa = PBXGroup;
			children = (
				6703A8D21A6E6FF200456EAE /* EditProfileViewController.h */,
				6703A8D31A6E6FF200456EAE /* EditProfileViewController.m */,
			);
			name = EditProfile;
			sourceTree = "<group>";
		};
		6703A8D51A6E71CF00456EAE /* Profile */ = {
			isa = PBXGroup;
			children = (
				6703A8D61A6E71F100456EAE /* ProfileViewController.h */,
				6703A8D71A6E71F100456EAE /* ProfileViewController.m */,
			);
			name = Profile;
			sourceTree = "<group>";
		};
		675560661A78B575001852F4 /* Matched_Up_assets */ = {
			isa = PBXGroup;
			children = (
				675560671A78B575001852F4 /* 00_SplashPage */,
				6755606D1A78B575001852F4 /* 01_LoginScreen */,
				675560721A78B575001852F4 /* 02_HomeScreen */,
				675560871A78B575001852F4 /* 03_Profile */,
				675560A41A78B575001852F4 /* 04_ChatList */,
				675560B11A78B575001852F4 /* 05_ChatWindow */,
				675560C01A78B575001852F4 /* 06_Settings */,
				675560CF1A78B575001852F4 /* 07_Profile_Edit */,
				675560DE1A78B575001852F4 /* 08_Match */,
				675560E31A78B575001852F4 /* _44px_Icon */,
				675560EA1A78B575001852F4 /* appicon */,
				675561091A78B575001852F4 /* Matched_Up_DesignV3_red.pdf */,
			);
			path = Matched_Up_assets;
			sourceTree = "<group>";
		};
		675560671A78B575001852F4 /* 00_SplashPage */ = {
			isa = PBXGroup;
			children = (
				675560681A78B575001852F4 /* 960 */,
				6755606B1A78B575001852F4 /* BG.png */,
				6755606C1A78B575001852F4 /* BG@2x.png */,
			);
			path = 00_SplashPage;
			sourceTree = "<group>";
		};
		675560681A78B575001852F4 /* 960 */ = {
			isa = PBXGroup;
			children = (
				675560691A78B575001852F4 /* BG.png */,
				6755606A1A78B575001852F4 /* BG@2x.png */,
			);
			path = 960;
			sourceTree = "<group>";
		};
		6755606D1A78B575001852F4 /* 01_LoginScreen */ = {
			isa = PBXGroup;
			children = (
				6755606E1A78B575001852F4 /* Facebook.png */,
				6755606F1A78B575001852F4 /* Facebook@2x.png */,
				675560701A78B575001852F4 /* Logo.png */,
				675560711A78B575001852F4 /* Logo@2x.png */,
			);
			path = 01_LoginScreen;
			sourceTree = "<group>";
		};
		675560721A78B575001852F4 /* 02_HomeScreen */ = {
			isa = PBXGroup;
			children = (
				675560731A78B575001852F4 /* BG.png */,
				675560741A78B575001852F4 /* BG@2x.png */,
				675560751A78B575001852F4 /* ChatIcon.png */,
				675560761A78B575001852F4 /* ChatIcon@2x.png */,
				675560771A78B575001852F4 /* DislikeIcon.png */,
				675560781A78B575001852F4 /* DislikeIcon@2x.png */,
				675560791A78B575001852F4 /* InfoIcon.png */,
				6755607A1A78B575001852F4 /* InfoIcon@2x.png */,
				6755607B1A78B575001852F4 /* LikeIcon.png */,
				6755607C1A78B575001852F4 /* LikeIcon@2x.png */,
				6755607D1A78B575001852F4 /* Matched-Up.png */,
				6755607E1A78B575001852F4 /* Matched-Up@2x.png */,
				6755607F1A78B575001852F4 /* SettingIcon.png */,
				675560801A78B575001852F4 /* SettingIcon@2x.png */,
				675560811A78B575001852F4 /* Top_NavBG.png */,
				675560821A78B575001852F4 /* Top_NavBG@2x.png */,
				675560831A78B575001852F4 /* User_Image.png */,
				675560841A78B575001852F4 /* User_Image@2x.png */,
				675560851A78B575001852F4 /* VP_BG.png */,
				675560861A78B575001852F4 /* VP_BG@2x.png */,
			);
			path = 02_HomeScreen;
			sourceTree = "<group>";
		};
		675560871A78B575001852F4 /* 03_Profile */ = {
			isa = PBXGroup;
			children = (
				675560881A78B575001852F4 /* About_BG.png */,
				675560891A78B575001852F4 /* About_BG@2x.png */,
				6755608A1A78B575001852F4 /* AgeIcon.png */,
				6755608B1A78B575001852F4 /* AgeIcon@2x.png */,
				6755608C1A78B575001852F4 /* BG.png */,
				6755608D1A78B575001852F4 /* BG@2x.png */,
				6755608E1A78B575001852F4 /* ChatIcon.png */,
				6755608F1A78B575001852F4 /* ChatIcon@2x.png */,
				675560901A78B575001852F4 /* DislikeIcon.png */,
				675560911A78B575001852F4 /* DislikeIcon@2x.png */,
				675560921A78B575001852F4 /* InfoIcon.png */,
				675560931A78B575001852F4 /* InfoIcon@2x.png */,
				675560941A78B575001852F4 /* LikeIcon.png */,
				675560951A78B575001852F4 /* LikeIcon@2x.png */,
				675560961A78B575001852F4 /* location.png */,
				675560971A78B575001852F4 /* location@2x.png */,
				675560981A78B575001852F4 /* NameAgeStatusBar.png */,
				675560991A78B575001852F4 /* NameAgeStatusBar@2x.png */,
				6755609A1A78B575001852F4 /* SettingIcon.png */,
				6755609B1A78B575001852F4 /* SettingIcon@2x.png */,
				6755609C1A78B575001852F4 /* Single.png */,
				6755609D1A78B575001852F4 /* Single@2x.png */,
				6755609E1A78B575001852F4 /* StatusIcon.png */,
				6755609F1A78B575001852F4 /* StatusIcon@2x.png */,
				675560A01A78B575001852F4 /* UserImage.png */,
				675560A11A78B575001852F4 /* UserImage@2x.png */,
				675560A21A78B575001852F4 /* VP_BG.png */,
				675560A31A78B575001852F4 /* VP_BG@2x.png */,
			);
			path = 03_Profile;
			sourceTree = "<group>";
		};
		675560A41A78B575001852F4 /* 04_ChatList */ = {
			isa = PBXGroup;
			children = (
				675560A51A78B575001852F4 /* back-icon.png */,
				675560A61A78B575001852F4 /* back-icon@2x.png */,
				675560A71A78B575001852F4 /* BG.png */,
				675560A81A78B575001852F4 /* BG@2x.png */,
				675560A91A78B575001852F4 /* Chat_user.png */,
				675560AA1A78B575001852F4 /* Chat_user@2x.png */,
				675560AB1A78B575001852F4 /* menu-icon.png */,
				675560AC1A78B575001852F4 /* menu-icon@2x.png */,
				675560AD1A78B575001852F4 /* SettingIcon.png */,
				675560AE1A78B575001852F4 /* SettingIcon@2x.png */,
				675560AF1A78B575001852F4 /* Top_NavBG.png */,
				675560B01A78B575001852F4 /* Top_NavBG@2x.png */,
			);
			path = 04_ChatList;
			sourceTree = "<group>";
		};
		675560B11A78B575001852F4 /* 05_ChatWindow */ = {
			isa = PBXGroup;
			children = (
				675560B21A78B575001852F4 /* back-icon.png */,
				675560B31A78B575001852F4 /* back-icon@2x.png */,
				675560B41A78B575001852F4 /* BG.png */,
				675560B51A78B575001852F4 /* BG@2x.png */,
				675560B61A78B575001852F4 /* form.png */,
				675560B71A78B575001852F4 /* form@2x.png */,
				675560B81A78B575001852F4 /* menu-icon.png */,
				675560B91A78B575001852F4 /* menu-icon@2x.png */,
				675560BA1A78B575001852F4 /* Send_Bar_BG.png */,
				675560BB1A78B575001852F4 /* Send_Bar_BG@2x.png */,
				675560BC1A78B575001852F4 /* SettingIcon.png */,
				675560BD1A78B575001852F4 /* SettingIcon@2x.png */,
				675560BE1A78B575001852F4 /* Top_NavBG.png */,
				675560BF1A78B575001852F4 /* Top_NavBG@2x.png */,
			);
			path = 05_ChatWindow;
			sourceTree = "<group>";
		};
		675560C01A78B575001852F4 /* 06_Settings */ = {
			isa = PBXGroup;
			children = (
				675560C11A78B575001852F4 /* back-icon.png */,
				675560C21A78B575001852F4 /* back-icon@2x.png */,
				675560C31A78B575001852F4 /* BG.png */,
				675560C41A78B575001852F4 /* BG@2x.png */,
				675560C51A78B575001852F4 /* EditProfile.png */,
				675560C61A78B575001852F4 /* EditProfile@2x.png */,
				675560C71A78B575001852F4 /* Logout.png */,
				675560C81A78B575001852F4 /* Logout@2x.png */,
				675560C91A78B575001852F4 /* menu-icon.png */,
				675560CA1A78B575001852F4 /* menu-icon@2x.png */,
				675560CB1A78B575001852F4 /* SettingIcon.png */,
				675560CC1A78B575001852F4 /* SettingIcon@2x.png */,
				675560CD1A78B575001852F4 /* Top_NavBG.png */,
				675560CE1A78B575001852F4 /* Top_NavBG@2x.png */,
			);
			path = 06_Settings;
			sourceTree = "<group>";
		};
		675560CF1A78B575001852F4 /* 07_Profile_Edit */ = {
			isa = PBXGroup;
			children = (
				675560D01A78B575001852F4 /* About_BG.png */,
				675560D11A78B575001852F4 /* About_BG@2x.png */,
				675560D21A78B575001852F4 /* back-icon.png */,
				675560D31A78B575001852F4 /* back-icon@2x.png */,
				675560D41A78B575001852F4 /* BG.png */,
				675560D51A78B575001852F4 /* BG@2x.png */,
				675560D61A78B575001852F4 /* menu-icon.png */,
				675560D71A78B575001852F4 /* menu-icon@2x.png */,
				675560D81A78B575001852F4 /* SettingIcon.png */,
				675560D91A78B575001852F4 /* SettingIcon@2x.png */,
				675560DA1A78B575001852F4 /* Top_NavBG.png */,
				675560DB1A78B575001852F4 /* Top_NavBG@2x.png */,
				675560DC1A78B575001852F4 /* UserImage.png */,
				675560DD1A78B575001852F4 /* UserImage@2x.png */,
			);
			path = 07_Profile_Edit;
			sourceTree = "<group>";
		};
		675560DE1A78B575001852F4 /* 08_Match */ = {
			isa = PBXGroup;
			children = (
				675560DF1A78B575001852F4 /* ChatNow_Icon.png */,
				675560E01A78B575001852F4 /* ChatNow_Icon@2x.png */,
				675560E11A78B575001852F4 /* Close-Button.png */,
				675560E21A78B575001852F4 /* Close-Button@2x.png */,
			);
			path = 08_Match;
			sourceTree = "<group>";
		};
		675560E31A78B575001852F4 /* _44px_Icon */ = {
			isa = PBXGroup;
			children = (
				675560E41A78B575001852F4 /* back-icon.png */,
				675560E51A78B575001852F4 /* back-icon@2x.png */,
				675560E61A78B575001852F4 /* ChatIcon.png */,
				675560E71A78B575001852F4 /* ChatIcon@2x.png */,
				675560E81A78B575001852F4 /* SettingIcon.png */,
				675560E91A78B575001852F4 /* SettingIcon@2x.png */,
			);
			path = _44px_Icon;
			sourceTree = "<group>";
		};
		675560EA1A78B575001852F4 /* appicon */ = {
			isa = PBXGroup;
			children = (
				675560EB1A78B575001852F4 /* _Source */,
				675560ED1A78B575001852F4 /* ios */,
				675560F81A78B575001852F4 /* ios7 */,
			);
			path = appicon;
			sourceTree = "<group>";
		};
		675560EB1A78B575001852F4 /* _Source */ = {
			isa = PBXGroup;
			children = (
				675560EC1A78B575001852F4 /* 1024_icon-1-01.png */,
			);
			path = _Source;
			sourceTree = "<group>";
		};
		675560ED1A78B575001852F4 /* ios */ = {
			isa = PBXGroup;
			children = (
				675560EE1A78B575001852F4 /* Icon-72.png */,
				675560EF1A78B575001852F4 /* Icon-72@2x.png */,
				675560F01A78B575001852F4 /* Icon-Small-50.png */,
				675560F11A78B575001852F4 /* Icon-Small-50@2x.png */,
				675560F21A78B575001852F4 /* Icon-Small.png */,
				675560F31A78B575001852F4 /* Icon-Small@2x.png */,
				675560F41A78B575001852F4 /* Icon.png */,
				675560F51A78B575001852F4 /* Icon@2x.png */,
				675560F61A78B575001852F4 /* iTunesArtwork.png */,
				675560F71A78B575001852F4 /* iTunesArtwork@2x.png */,
			);
			path = ios;
			sourceTree = "<group>";
		};
		675560F81A78B575001852F4 /* ios7 */ = {
			isa = PBXGroup;
			children = (
				675560F91A78B575001852F4 /* Icon-40.png */,
				675560FA1A78B575001852F4 /* Icon-40@2x.png */,
				675560FB1A78B575001852F4 /* Icon-60.png */,
				675560FC1A78B575001852F4 /* Icon-60@2x.png */,
				675560FD1A78B575001852F4 /* Icon-72.png */,
				675560FE1A78B575001852F4 /* Icon-72@2x.png */,
				675560FF1A78B575001852F4 /* Icon-76.png */,
				675561001A78B575001852F4 /* Icon-76@2x.png */,
				675561011A78B575001852F4 /* Icon-Small-50.png */,
				675561021A78B575001852F4 /* Icon-Small-50@2x.png */,
				675561031A78B575001852F4 /* Icon-Small.png */,
				675561041A78B575001852F4 /* Icon-Small@2x.png */,
				675561051A78B575001852F4 /* Icon.png */,
				675561061A78B575001852F4 /* Icon@2x.png */,
				675561071A78B575001852F4 /* iTunesArtwork.png */,
				675561081A78B575001852F4 /* iTunesArtwork@2x.png */,
			);
			path = ios7;
			sourceTree = "<group>";
		};
		67C8BC2E1A6FCB150049A556 /* Match */ = {
			isa = PBXGroup;
			children = (
				67C8BC2F1A6FCB4D0049A556 /* MatchViewController.h */,
				67C8BC301A6FCB4D0049A556 /* MatchViewController.m */,
			);
			name = Match;
			sourceTree = "<group>";
		};
		67C8BC321A6FCCE80049A556 /* Matches */ = {
			isa = PBXGroup;
			children = (
				67C8BC331A6FCCFC0049A556 /* MatchesViewController.h */,
				67C8BC341A6FCCFC0049A556 /* MatchesViewController.m */,
			);
			name = Matches;
			sourceTree = "<group>";
		};
		67C8BC361A6FCD560049A556 /* Chat */ = {
			isa = PBXGroup;
			children = (
				67C8BC371A6FD1A90049A556 /* ChatViewController.h */,
				67C8BC381A6FD1A90049A556 /* ChatViewController.m */,
			);
			name = Chat;
			sourceTree = "<group>";
		};
		67ED2C1A1A66BF1200D61305 = {
			isa = PBXGroup;
			children = (
				67ED2C251A66BF1200D61305 /* MatchedUp */,
				67ED2C421A66BF1200D61305 /* MatchedUpTests */,
				67ED2C241A66BF1200D61305 /* Products */,
				B153C50AE1CF5CB7194BE24F /* Pods */,
				C34CBA28A711F3A0733BE726 /* Frameworks */,
			);
			sourceTree = "<group>";
		};
		67ED2C241A66BF1200D61305 /* Products */ = {
			isa = PBXGroup;
			children = (
				67ED2C231A66BF1200D61305 /* MatchedUp.app */,
				67ED2C3F1A66BF1200D61305 /* MatchedUpTests.xctest */,
			);
			name = Products;
			sourceTree = "<group>";
		};
		67ED2C251A66BF1200D61305 /* MatchedUp */ = {
			isa = PBXGroup;
			children = (
				67ED2C521A66CB2D00D61305 /* Controller */,
				67ED2C2A1A66BF1200D61305 /* AppDelegate.h */,
				67ED2C2B1A66BF1200D61305 /* AppDelegate.m */,
				67ED2C331A66BF1200D61305 /* Main.storyboard */,
				67ED2C361A66BF1200D61305 /* Images.xcassets */,
				67ED2C381A66BF1200D61305 /* LaunchScreen.xib */,
				67ED2C261A66BF1200D61305 /* Supporting Files */,
				6703A8D91A6EBF4200456EAE /* TestUser.h */,
				6703A8DA1A6EBF4200456EAE /* TestUser.m */,
			);
			path = MatchedUp;
			sourceTree = "<group>";
		};
		67ED2C261A66BF1200D61305 /* Supporting Files */ = {
			isa = PBXGroup;
			children = (
				675560661A78B575001852F4 /* Matched_Up_assets */,
				675560641A77E8CB001852F4 /* defaultPrefsFile.plist */,
				6703A8DC1A6EC13200456EAE /* ProfileImage1.jpg */,
				67ED2C271A66BF1200D61305 /* Info.plist */,
				67ED2C281A66BF1200D61305 /* main.m */,
				67827E3C1A67F30900E3CB07 /* Constants.h */,
				67827E3D1A67F30900E3CB07 /* Constants.m */,
			);
			name = "Supporting Files";
			sourceTree = "<group>";
		};
		67ED2C421A66BF1200D61305 /* MatchedUpTests */ = {
			isa = PBXGroup;
			children = (
				67ED2C451A66BF1200D61305 /* MatchedUpTests.m */,
				67ED2C431A66BF1200D61305 /* Supporting Files */,
			);
			path = MatchedUpTests;
			sourceTree = "<group>";
		};
		67ED2C431A66BF1200D61305 /* Supporting Files */ = {
			isa = PBXGroup;
			children = (
				67ED2C441A66BF1200D61305 /* Info.plist */,
			);
			name = "Supporting Files";
			sourceTree = "<group>";
		};
		67ED2C521A66CB2D00D61305 /* Controller */ = {
			isa = PBXGroup;
			children = (
				67C8BC361A6FCD560049A556 /* Chat */,
				67C8BC321A6FCCE80049A556 /* Matches */,
				67C8BC2E1A6FCB150049A556 /* Match */,
				6703A8D51A6E71CF00456EAE /* Profile */,
				6703A8D11A6E6FD600456EAE /* EditProfile */,
				6703A8CD1A6E6D7C00456EAE /* Settings */,
				6703A8C91A6E65A900456EAE /* Home */,
				67ED2C531A66CB3800D61305 /* Login */,
			);
			path = Controller;
			sourceTree = "<group>";
		};
		67ED2C531A66CB3800D61305 /* Login */ = {
			isa = PBXGroup;
			children = (
				67ED2C4F1A66CB0B00D61305 /* LoginViewController.h */,
				67ED2C501A66CB0B00D61305 /* LoginViewController.m */,
			);
			name = Login;
			sourceTree = "<group>";
		};
		B153C50AE1CF5CB7194BE24F /* Pods */ = {
			isa = PBXGroup;
			children = (
				26189F1A246D0B56262B575D /* Pods.debug.xcconfig */,
				2C1D6FEF11D96F34467267E4 /* Pods.release.xcconfig */,
			);
			name = Pods;
			sourceTree = "<group>";
		};
		C34CBA28A711F3A0733BE726 /* Frameworks */ = {
			isa = PBXGroup;
			children = (
				DAE85DF2D5BF32D73062896F /* libPods.a */,
			);
			name = Frameworks;
			sourceTree = "<group>";
		};
/* End PBXGroup section */

/* Begin PBXNativeTarget section */
		67ED2C221A66BF1200D61305 /* MatchedUp */ = {
			isa = PBXNativeTarget;
			buildConfigurationList = 67ED2C491A66BF1200D61305 /* Build configuration list for PBXNativeTarget "MatchedUp" */;
			buildPhases = (
				3393582F473B1404F285024D /* Check Pods Manifest.lock */,
				67ED2C1F1A66BF1200D61305 /* Sources */,
				67ED2C201A66BF1200D61305 /* Frameworks */,
				67ED2C211A66BF1200D61305 /* Resources */,
				5F79323974E2EF73B879D223 /* Copy Pods Resources */,
			);
			buildRules = (
			);
			dependencies = (
			);
			name = MatchedUp;
			productName = MatchedUp;
			productReference = 67ED2C231A66BF1200D61305 /* MatchedUp.app */;
			productType = "com.apple.product-type.application";
		};
		67ED2C3E1A66BF1200D61305 /* MatchedUpTests */ = {
			isa = PBXNativeTarget;
			buildConfigurationList = 67ED2C4C1A66BF1200D61305 /* Build configuration list for PBXNativeTarget "MatchedUpTests" */;
			buildPhases = (
				67ED2C3B1A66BF1200D61305 /* Sources */,
				67ED2C3C1A66BF1200D61305 /* Frameworks */,
				67ED2C3D1A66BF1200D61305 /* Resources */,
			);
			buildRules = (
			);
			dependencies = (
				67ED2C411A66BF1200D61305 /* PBXTargetDependency */,
			);
			name = MatchedUpTests;
			productName = MatchedUpTests;
			productReference = 67ED2C3F1A66BF1200D61305 /* MatchedUpTests.xctest */;
			productType = "com.apple.product-type.bundle.unit-test";
		};
/* End PBXNativeTarget section */

/* Begin PBXProject section */
		67ED2C1B1A66BF1200D61305 /* Project object */ = {
			isa = PBXProject;
			attributes = {
				LastUpgradeCheck = 0610;
				ORGANIZATIONNAME = "Pierre-Yves Lebecq";
				TargetAttributes = {
					67ED2C221A66BF1200D61305 = {
						CreatedOnToolsVersion = 6.1.1;
					};
					67ED2C3E1A66BF1200D61305 = {
						CreatedOnToolsVersion = 6.1.1;
						TestTargetID = 67ED2C221A66BF1200D61305;
					};
				};
			};
			buildConfigurationList = 67ED2C1E1A66BF1200D61305 /* Build configuration list for PBXProject "MatchedUp" */;
			compatibilityVersion = "Xcode 3.2";
			developmentRegion = English;
			hasScannedForEncodings = 0;
			knownRegions = (
				en,
				Base,
			);
			mainGroup = 67ED2C1A1A66BF1200D61305;
			productRefGroup = 67ED2C241A66BF1200D61305 /* Products */;
			projectDirPath = "";
			projectRoot = "";
			targets = (
				67ED2C221A66BF1200D61305 /* MatchedUp */,
				67ED2C3E1A66BF1200D61305 /* MatchedUpTests */,
			);
		};
/* End PBXProject section */

/* Begin PBXResourcesBuildPhase section */
		67ED2C211A66BF1200D61305 /* Resources */ = {
			isa = PBXResourcesBuildPhase;
			buildActionMask = 2147483647;
			files = (
				6755612D1A78B575001852F4 /* ChatIcon@2x.png in Resources */,
				675561101A78B575001852F4 /* Logo.png in Resources */,
				675561651A78B575001852F4 /* menu-icon@2x.png in Resources */,
				6755618E1A78B575001852F4 /* Icon-40@2x.png in Resources */,
				675561441A78B575001852F4 /* BG.png in Resources */,
				6755611C1A78B575001852F4 /* Matched-Up.png in Resources */,
				675561331A78B575001852F4 /* LikeIcon@2x.png in Resources */,
				675561271A78B575001852F4 /* About_BG@2x.png in Resources */,
				67ED2C351A66BF1200D61305 /* Main.storyboard in Resources */,
				675561401A78B575001852F4 /* VP_BG.png in Resources */,
				675561801A78B575001852F4 /* SettingIcon.png in Resources */,
				675561841A78B575001852F4 /* Icon-72@2x.png in Resources */,
				6755614C1A78B575001852F4 /* Top_NavBG.png in Resources */,
				675561131A78B575001852F4 /* BG@2x.png in Resources */,
				675561781A78B575001852F4 /* ChatNow_Icon.png in Resources */,
				6755612E1A78B575001852F4 /* DislikeIcon.png in Resources */,
				675561821A78B575001852F4 /* 1024_icon-1-01.png in Resources */,
				675561521A78B575001852F4 /* form.png in Resources */,
				675561461A78B575001852F4 /* Chat_user.png in Resources */,
				6755619A1A78B575001852F4 /* Icon@2x.png in Resources */,
				675561261A78B575001852F4 /* About_BG.png in Resources */,
				675561221A78B575001852F4 /* User_Image.png in Resources */,
				675561531A78B575001852F4 /* form@2x.png in Resources */,
				675561881A78B575001852F4 /* Icon-Small@2x.png in Resources */,
				6755614F1A78B575001852F4 /* back-icon@2x.png in Resources */,
				675561861A78B575001852F4 /* Icon-Small-50@2x.png in Resources */,
				675561431A78B575001852F4 /* back-icon@2x.png in Resources */,
				675561591A78B575001852F4 /* SettingIcon@2x.png in Resources */,
				6755614E1A78B575001852F4 /* back-icon.png in Resources */,
				6755610E1A78B575001852F4 /* Facebook.png in Resources */,
				675561551A78B575001852F4 /* menu-icon@2x.png in Resources */,
				6755619D1A78B575001852F4 /* Matched_Up_DesignV3_red.pdf in Resources */,
				6755617E1A78B575001852F4 /* ChatIcon.png in Resources */,
				675561901A78B575001852F4 /* Icon-60@2x.png in Resources */,
				675561951A78B575001852F4 /* Icon-Small-50.png in Resources */,
				675561311A78B575001852F4 /* InfoIcon@2x.png in Resources */,
				675561961A78B575001852F4 /* Icon-Small-50@2x.png in Resources */,
				675561111A78B575001852F4 /* Logo@2x.png in Resources */,
				675561231A78B575001852F4 /* User_Image@2x.png in Resources */,
				675561621A78B575001852F4 /* Logout.png in Resources */,
				675561421A78B575001852F4 /* back-icon.png in Resources */,
				6755613C1A78B575001852F4 /* StatusIcon.png in Resources */,
				675561611A78B575001852F4 /* EditProfile@2x.png in Resources */,
				675561171A78B575001852F4 /* DislikeIcon@2x.png in Resources */,
				675561211A78B575001852F4 /* Top_NavBG@2x.png in Resources */,
				675561241A78B575001852F4 /* VP_BG.png in Resources */,
				675561581A78B575001852F4 /* SettingIcon.png in Resources */,
				675561451A78B575001852F4 /* BG@2x.png in Resources */,
				6755613E1A78B575001852F4 /* UserImage.png in Resources */,
				6755611E1A78B575001852F4 /* SettingIcon.png in Resources */,
				675561941A78B575001852F4 /* Icon-76@2x.png in Resources */,
				675561411A78B575001852F4 /* VP_BG@2x.png in Resources */,
				6755619C1A78B575001852F4 /* iTunesArtwork@2x.png in Resources */,
				675561971A78B575001852F4 /* Icon-Small.png in Resources */,
				6755610F1A78B575001852F4 /* Facebook@2x.png in Resources */,
				675561691A78B575001852F4 /* Top_NavBG@2x.png in Resources */,
				6755615B1A78B575001852F4 /* Top_NavBG@2x.png in Resources */,
				6755614B1A78B575001852F4 /* SettingIcon@2x.png in Resources */,
				6755613A1A78B575001852F4 /* Single.png in Resources */,
				675561161A78B575001852F4 /* DislikeIcon.png in Resources */,
				675561791A78B575001852F4 /* ChatNow_Icon@2x.png in Resources */,
				675561761A78B575001852F4 /* UserImage.png in Resources */,
				6755618F1A78B575001852F4 /* Icon-60.png in Resources */,
				6755613B1A78B575001852F4 /* Single@2x.png in Resources */,
				675561641A78B575001852F4 /* menu-icon.png in Resources */,
				6755612C1A78B575001852F4 /* ChatIcon.png in Resources */,
				6755615D1A78B575001852F4 /* back-icon@2x.png in Resources */,
				675561741A78B575001852F4 /* Top_NavBG.png in Resources */,
				6703A8DD1A6EC13300456EAE /* ProfileImage1.jpg in Resources */,
				6755616F1A78B575001852F4 /* BG@2x.png in Resources */,
				675561361A78B575001852F4 /* NameAgeStatusBar.png in Resources */,
				6755616E1A78B575001852F4 /* BG.png in Resources */,
				6755611D1A78B575001852F4 /* Matched-Up@2x.png in Resources */,
				675561371A78B575001852F4 /* NameAgeStatusBar@2x.png in Resources */,
				675561571A78B575001852F4 /* Send_Bar_BG@2x.png in Resources */,
				6755615F1A78B575001852F4 /* BG@2x.png in Resources */,
				675561121A78B575001852F4 /* BG.png in Resources */,
				675561721A78B575001852F4 /* SettingIcon.png in Resources */,
				675561991A78B575001852F4 /* Icon.png in Resources */,
				675561191A78B575001852F4 /* InfoIcon@2x.png in Resources */,
				6755615E1A78B575001852F4 /* BG.png in Resources */,
				675561731A78B575001852F4 /* SettingIcon@2x.png in Resources */,
				675561151A78B575001852F4 /* ChatIcon@2x.png in Resources */,
				675561561A78B575001852F4 /* Send_Bar_BG.png in Resources */,
				6755619B1A78B575001852F4 /* iTunesArtwork.png in Resources */,
				675561921A78B575001852F4 /* Icon-72@2x.png in Resources */,
				675561301A78B575001852F4 /* InfoIcon.png in Resources */,
				675561141A78B575001852F4 /* ChatIcon.png in Resources */,
				675561871A78B575001852F4 /* Icon-Small.png in Resources */,
				675561671A78B575001852F4 /* SettingIcon@2x.png in Resources */,
				675561491A78B575001852F4 /* menu-icon@2x.png in Resources */,
				675561811A78B575001852F4 /* SettingIcon@2x.png in Resources */,
				6755611B1A78B575001852F4 /* LikeIcon@2x.png in Resources */,
				6755615C1A78B575001852F4 /* back-icon.png in Resources */,
				6755618A1A78B575001852F4 /* Icon@2x.png in Resources */,
				675561851A78B575001852F4 /* Icon-Small-50.png in Resources */,
				675561701A78B575001852F4 /* menu-icon.png in Resources */,
				6755610C1A78B575001852F4 /* BG.png in Resources */,
				675561351A78B575001852F4 /* location@2x.png in Resources */,
				6755615A1A78B575001852F4 /* Top_NavBG.png in Resources */,
				6755616B1A78B575001852F4 /* About_BG@2x.png in Resources */,
				675561381A78B575001852F4 /* SettingIcon.png in Resources */,
				6755610A1A78B575001852F4 /* BG.png in Resources */,
				67ED2C3A1A66BF1200D61305 /* LaunchScreen.xib in Resources */,
				6755617F1A78B575001852F4 /* ChatIcon@2x.png in Resources */,
				675561601A78B575001852F4 /* EditProfile.png in Resources */,
				6755616A1A78B575001852F4 /* About_BG.png in Resources */,
				6755616D1A78B575001852F4 /* back-icon@2x.png in Resources */,
				6755613D1A78B575001852F4 /* StatusIcon@2x.png in Resources */,
				675561251A78B575001852F4 /* VP_BG@2x.png in Resources */,
				675561471A78B575001852F4 /* Chat_user@2x.png in Resources */,
				675561201A78B575001852F4 /* Top_NavBG.png in Resources */,
				6755612A1A78B575001852F4 /* BG.png in Resources */,
				675561541A78B575001852F4 /* menu-icon.png in Resources */,
				675561931A78B575001852F4 /* Icon-76.png in Resources */,
				675561391A78B575001852F4 /* SettingIcon@2x.png in Resources */,
				6755610D1A78B575001852F4 /* BG@2x.png in Resources */,
				675561181A78B575001852F4 /* InfoIcon.png in Resources */,
				67ED2C371A66BF1200D61305 /* Images.xcassets in Resources */,
				6755614A1A78B575001852F4 /* SettingIcon.png in Resources */,
				6755611A1A78B575001852F4 /* LikeIcon.png in Resources */,
				6755617B1A78B575001852F4 /* Close-Button@2x.png in Resources */,
				675561981A78B575001852F4 /* Icon-Small@2x.png in Resources */,
				675561291A78B575001852F4 /* AgeIcon@2x.png in Resources */,
				675561341A78B575001852F4 /* location.png in Resources */,
				675561321A78B575001852F4 /* LikeIcon.png in Resources */,
				675561771A78B575001852F4 /* UserImage@2x.png in Resources */,
				6755617A1A78B575001852F4 /* Close-Button.png in Resources */,
				675561661A78B575001852F4 /* SettingIcon.png in Resources */,
				6755617D1A78B575001852F4 /* back-icon@2x.png in Resources */,
				675561751A78B575001852F4 /* Top_NavBG@2x.png in Resources */,
				675561911A78B575001852F4 /* Icon-72.png in Resources */,
				675561501A78B575001852F4 /* BG.png in Resources */,
				675561281A78B575001852F4 /* AgeIcon.png in Resources */,
				6755612B1A78B575001852F4 /* BG@2x.png in Resources */,
				675561511A78B575001852F4 /* BG@2x.png in Resources */,
				675561711A78B575001852F4 /* menu-icon@2x.png in Resources */,
				6755612F1A78B575001852F4 /* DislikeIcon@2x.png in Resources */,
				6755616C1A78B575001852F4 /* back-icon.png in Resources */,
				6755618C1A78B575001852F4 /* iTunesArtwork@2x.png in Resources */,
				6755618B1A78B575001852F4 /* iTunesArtwork.png in Resources */,
				675561681A78B575001852F4 /* Top_NavBG.png in Resources */,
				675561831A78B575001852F4 /* Icon-72.png in Resources */,
				675561891A78B575001852F4 /* Icon.png in Resources */,
				6755614D1A78B575001852F4 /* Top_NavBG@2x.png in Resources */,
				6755611F1A78B575001852F4 /* SettingIcon@2x.png in Resources */,
				6755613F1A78B575001852F4 /* UserImage@2x.png in Resources */,
				675560651A77E8CB001852F4 /* defaultPrefsFile.plist in Resources */,
				6755610B1A78B575001852F4 /* BG@2x.png in Resources */,
				675561481A78B575001852F4 /* menu-icon.png in Resources */,
				675561631A78B575001852F4 /* Logout@2x.png in Resources */,
				6755618D1A78B575001852F4 /* Icon-40.png in Resources */,
				6755617C1A78B575001852F4 /* back-icon.png in Resources */,
			);
			runOnlyForDeploymentPostprocessing = 0;
		};
		67ED2C3D1A66BF1200D61305 /* Resources */ = {
			isa = PBXResourcesBuildPhase;
			buildActionMask = 2147483647;
			files = (
			);
			runOnlyForDeploymentPostprocessing = 0;
		};
/* End PBXResourcesBuildPhase section */

/* Begin PBXShellScriptBuildPhase section */
		3393582F473B1404F285024D /* Check Pods Manifest.lock */ = {
			isa = PBXShellScriptBuildPhase;
			buildActionMask = 2147483647;
			files = (
			);
			inputPaths = (
			);
			name = "Check Pods Manifest.lock";
			outputPaths = (
			);
			runOnlyForDeploymentPostprocessing = 0;
			shellPath = /bin/sh;
			shellScript = "diff \"${PODS_ROOT}/../Podfile.lock\" \"${PODS_ROOT}/Manifest.lock\" > /dev/null\nif [[ $? != 0 ]] ; then\n    cat << EOM\nerror: The sandbox is not in sync with the Podfile.lock. Run 'pod install' or update your CocoaPods installation.\nEOM\n    exit 1\nfi\n";
			showEnvVarsInLog = 0;
		};
		5F79323974E2EF73B879D223 /* Copy Pods Resources */ = {
			isa = PBXShellScriptBuildPhase;
			buildActionMask = 2147483647;
			files = (
			);
			inputPaths = (
			);
			name = "Copy Pods Resources";
			outputPaths = (
			);
			runOnlyForDeploymentPostprocessing = 0;
			shellPath = /bin/sh;
			shellScript = "\"${SRCROOT}/Pods/Target Support Files/Pods/Pods-resources.sh\"\n";
			showEnvVarsInLog = 0;
		};
/* End PBXShellScriptBuildPhase section */

/* Begin PBXSourcesBuildPhase section */
		67ED2C1F1A66BF1200D61305 /* Sources */ = {
			isa = PBXSourcesBuildPhase;
			buildActionMask = 2147483647;
			files = (
				67ED2C2C1A66BF1200D61305 /* AppDelegate.m in Sources */,
				67C8BC351A6FCCFC0049A556 /* MatchesViewController.m in Sources */,
				67C8BC391A6FD1A90049A556 /* ChatViewController.m in Sources */,
				67ED2C291A66BF1200D61305 /* main.m in Sources */,
				6703A8D81A6E71F100456EAE /* ProfileViewController.m in Sources */,
				6703A8D41A6E6FF200456EAE /* EditProfileViewController.m in Sources */,
				6703A8DB1A6EBF4200456EAE /* TestUser.m in Sources */,
				67ED2C511A66CB0B00D61305 /* LoginViewController.m in Sources */,
				6703A8D01A6E6D8E00456EAE /* SettingsViewController.m in Sources */,
				6703A8CC1A6E65E900456EAE /* HomeViewController.m in Sources */,
				67C8BC311A6FCB4D0049A556 /* MatchViewController.m in Sources */,
				67827E3E1A67F30900E3CB07 /* Constants.m in Sources */,
			);
			runOnlyForDeploymentPostprocessing = 0;
		};
		67ED2C3B1A66BF1200D61305 /* Sources */ = {
			isa = PBXSourcesBuildPhase;
			buildActionMask = 2147483647;
			files = (
				67ED2C461A66BF1200D61305 /* MatchedUpTests.m in Sources */,
			);
			runOnlyForDeploymentPostprocessing = 0;
		};
/* End PBXSourcesBuildPhase section */

/* Begin PBXTargetDependency section */
		67ED2C411A66BF1200D61305 /* PBXTargetDependency */ = {
			isa = PBXTargetDependency;
			target = 67ED2C221A66BF1200D61305 /* MatchedUp */;
			targetProxy = 67ED2C401A66BF1200D61305 /* PBXContainerItemProxy */;
		};
/* End PBXTargetDependency section */

/* Begin PBXVariantGroup section */
		67ED2C331A66BF1200D61305 /* Main.storyboard */ = {
			isa = PBXVariantGroup;
			children = (
				67ED2C341A66BF1200D61305 /* Base */,
			);
			name = Main.storyboard;
			sourceTree = "<group>";
		};
		67ED2C381A66BF1200D61305 /* LaunchScreen.xib */ = {
			isa = PBXVariantGroup;
			children = (
				67ED2C391A66BF1200D61305 /* Base */,
			);
			name = LaunchScreen.xib;
			sourceTree = "<group>";
		};
/* End PBXVariantGroup section */

/* Begin XCBuildConfiguration section */
		67ED2C471A66BF1200D61305 /* Debug */ = {
			isa = XCBuildConfiguration;
			buildSettings = {
				ALWAYS_SEARCH_USER_PATHS = NO;
				CLANG_CXX_LANGUAGE_STANDARD = "gnu++0x";
				CLANG_CXX_LIBRARY = "libc++";
				CLANG_ENABLE_MODULES = YES;
				CLANG_ENABLE_OBJC_ARC = YES;
				CLANG_WARN_BOOL_CONVERSION = YES;
				CLANG_WARN_CONSTANT_CONVERSION = YES;
				CLANG_WARN_DIRECT_OBJC_ISA_USAGE = YES_ERROR;
				CLANG_WARN_EMPTY_BODY = YES;
				CLANG_WARN_ENUM_CONVERSION = YES;
				CLANG_WARN_INT_CONVERSION = YES;
				CLANG_WARN_OBJC_ROOT_CLASS = YES_ERROR;
				CLANG_WARN_UNREACHABLE_CODE = YES;
				CLANG_WARN__DUPLICATE_METHOD_MATCH = YES;
				"CODE_SIGN_IDENTITY[sdk=iphoneos*]" = "iPhone Developer";
				COPY_PHASE_STRIP = NO;
				ENABLE_STRICT_OBJC_MSGSEND = YES;
				GCC_C_LANGUAGE_STANDARD = gnu99;
				GCC_DYNAMIC_NO_PIC = NO;
				GCC_OPTIMIZATION_LEVEL = 0;
				GCC_PREPROCESSOR_DEFINITIONS = (
					"DEBUG=1",
					"$(inherited)",
				);
				GCC_SYMBOLS_PRIVATE_EXTERN = NO;
				GCC_WARN_64_TO_32_BIT_CONVERSION = YES;
				GCC_WARN_ABOUT_RETURN_TYPE = YES_ERROR;
				GCC_WARN_UNDECLARED_SELECTOR = YES;
				GCC_WARN_UNINITIALIZED_AUTOS = YES_AGGRESSIVE;
				GCC_WARN_UNUSED_FUNCTION = YES;
				GCC_WARN_UNUSED_VARIABLE = YES;
				IPHONEOS_DEPLOYMENT_TARGET = 8.1;
				MTL_ENABLE_DEBUG_INFO = YES;
				ONLY_ACTIVE_ARCH = YES;
				SDKROOT = iphoneos;
			};
			name = Debug;
		};
		67ED2C481A66BF1200D61305 /* Release */ = {
			isa = XCBuildConfiguration;
			buildSettings = {
				ALWAYS_SEARCH_USER_PATHS = NO;
				CLANG_CXX_LANGUAGE_STANDARD = "gnu++0x";
				CLANG_CXX_LIBRARY = "libc++";
				CLANG_ENABLE_MODULES = YES;
				CLANG_ENABLE_OBJC_ARC = YES;
				CLANG_WARN_BOOL_CONVERSION = YES;
				CLANG_WARN_CONSTANT_CONVERSION = YES;
				CLANG_WARN_DIRECT_OBJC_ISA_USAGE = YES_ERROR;
				CLANG_WARN_EMPTY_BODY = YES;
				CLANG_WARN_ENUM_CONVERSION = YES;
				CLANG_WARN_INT_CONVERSION = YES;
				CLANG_WARN_OBJC_ROOT_CLASS = YES_ERROR;
				CLANG_WARN_UNREACHABLE_CODE = YES;
				CLANG_WARN__DUPLICATE_METHOD_MATCH = YES;
				"CODE_SIGN_IDENTITY[sdk=iphoneos*]" = "iPhone Developer";
				COPY_PHASE_STRIP = YES;
				ENABLE_NS_ASSERTIONS = NO;
				ENABLE_STRICT_OBJC_MSGSEND = YES;
				GCC_C_LANGUAGE_STANDARD = gnu99;
				GCC_WARN_64_TO_32_BIT_CONVERSION = YES;
				GCC_WARN_ABOUT_RETURN_TYPE = YES_ERROR;
				GCC_WARN_UNDECLARED_SELECTOR = YES;
				GCC_WARN_UNINITIALIZED_AUTOS = YES_AGGRESSIVE;
				GCC_WARN_UNUSED_FUNCTION = YES;
				GCC_WARN_UNUSED_VARIABLE = YES;
				IPHONEOS_DEPLOYMENT_TARGET = 8.1;
				MTL_ENABLE_DEBUG_INFO = NO;
				SDKROOT = iphoneos;
				VALIDATE_PRODUCT = YES;
			};
			name = Release;
		};
		67ED2C4A1A66BF1200D61305 /* Debug */ = {
			isa = XCBuildConfiguration;
			baseConfigurationReference = 26189F1A246D0B56262B575D /* Pods.debug.xcconfig */;
			buildSettings = {
				ASSETCATALOG_COMPILER_APPICON_NAME = AppIcon;
				ASSETCATALOG_COMPILER_LAUNCHIMAGE_NAME = LaunchImage;
				INFOPLIST_FILE = MatchedUp/Info.plist;
				LD_RUNPATH_SEARCH_PATHS = "$(inherited) @executable_path/Frameworks";
				PRODUCT_NAME = "$(TARGET_NAME)";
			};
			name = Debug;
		};
		67ED2C4B1A66BF1200D61305 /* Release */ = {
			isa = XCBuildConfiguration;
			baseConfigurationReference = 2C1D6FEF11D96F34467267E4 /* Pods.release.xcconfig */;
			buildSettings = {
				ASSETCATALOG_COMPILER_APPICON_NAME = AppIcon;
				ASSETCATALOG_COMPILER_LAUNCHIMAGE_NAME = LaunchImage;
				INFOPLIST_FILE = MatchedUp/Info.plist;
				LD_RUNPATH_SEARCH_PATHS = "$(inherited) @executable_path/Frameworks";
				PRODUCT_NAME = "$(TARGET_NAME)";
			};
			name = Release;
		};
		67ED2C4D1A66BF1200D61305 /* Debug */ = {
			isa = XCBuildConfiguration;
			buildSettings = {
				BUNDLE_LOADER = "$(TEST_HOST)";
				FRAMEWORK_SEARCH_PATHS = (
					"$(SDKROOT)/Developer/Library/Frameworks",
					"$(inherited)",
				);
				GCC_PREPROCESSOR_DEFINITIONS = (
					"DEBUG=1",
					"$(inherited)",
				);
				INFOPLIST_FILE = MatchedUpTests/Info.plist;
				LD_RUNPATH_SEARCH_PATHS = "$(inherited) @executable_path/Frameworks @loader_path/Frameworks";
				PRODUCT_NAME = "$(TARGET_NAME)";
				TEST_HOST = "$(BUILT_PRODUCTS_DIR)/MatchedUp.app/MatchedUp";
			};
			name = Debug;
		};
		67ED2C4E1A66BF1200D61305 /* Release */ = {
			isa = XCBuildConfiguration;
			buildSettings = {
				BUNDLE_LOADER = "$(TEST_HOST)";
				FRAMEWORK_SEARCH_PATHS = (
					"$(SDKROOT)/Developer/Library/Frameworks",
					"$(inherited)",
				);
				INFOPLIST_FILE = MatchedUpTests/Info.plist;
				LD_RUNPATH_SEARCH_PATHS = "$(inherited) @executable_path/Frameworks @loader_path/Frameworks";
				PRODUCT_NAME = "$(TARGET_NAME)";
				TEST_HOST = "$(BUILT_PRODUCTS_DIR)/MatchedUp.app/MatchedUp";
			};
			name = Release;
		};
/* End XCBuildConfiguration section */

/* Begin XCConfigurationList section */
		67ED2C1E1A66BF1200D61305 /* Build configuration list for PBXProject "MatchedUp" */ = {
			isa = XCConfigurationList;
			buildConfigurations = (
				67ED2C471A66BF1200D61305 /* Debug */,
				67ED2C481A66BF1200D61305 /* Release */,
			);
			defaultConfigurationIsVisible = 0;
			defaultConfigurationName = Release;
		};
		67ED2C491A66BF1200D61305 /* Build configuration list for PBXNativeTarget "MatchedUp" */ = {
			isa = XCConfigurationList;
			buildConfigurations = (
				67ED2C4A1A66BF1200D61305 /* Debug */,
				67ED2C4B1A66BF1200D61305 /* Release */,
			);
			defaultConfigurationIsVisible = 0;
			defaultConfigurationName = Release;
		};
		67ED2C4C1A66BF1200D61305 /* Build configuration list for PBXNativeTarget "MatchedUpTests" */ = {
			isa = XCConfigurationList;
			buildConfigurations = (
				67ED2C4D1A66BF1200D61305 /* Debug */,
				67ED2C4E1A66BF1200D61305 /* Release */,
			);
			defaultConfigurationIsVisible = 0;
			defaultConfigurationName = Release;
		};
/* End XCConfigurationList section */
	};
	rootObject = 67ED2C1B1A66BF1200D61305 /* Project object */;
}
