// !$*UTF8*$!
{
	archiveVersion = 1;
	classes = {
	};
	objectVersion = 46;
	objects = {

/* Begin PBXBuildFile section */
		AF2E4E411956D8D600C17E8D /* PYLPictureDataTransformer.m in Sources */ = {isa = PBXBuildFile; fileRef = AF2E4E401956D8D600C17E8D /* PYLPictureDataTransformer.m */; };
		AF2E4E441956E35600C17E8D /* PYLPhotoDetailViewController.m in Sources */ = {isa = PBXBuildFile; fileRef = AF2E4E431956E35600C17E8D /* PYLPhotoDetailViewController.m */; };
		AF4303351956255000EF61B7 /* PYLCoreDataHelper.m in Sources */ = {isa = PBXBuildFile; fileRef = AF4303341956255000EF61B7 /* PYLCoreDataHelper.m */; };
		AF4303381956292500EF61B7 /* PYLPhotosCollectionViewController.m in Sources */ = {isa = PBXBuildFile; fileRef = AF4303371956292500EF61B7 /* PYLPhotosCollectionViewController.m */; };
		AF43033B19562D6D00EF61B7 /* PYLPhotoCollectionViewCell.m in Sources */ = {isa = PBXBuildFile; fileRef = AF43033A19562D6D00EF61B7 /* PYLPhotoCollectionViewCell.m */; };
		AF43033D19562F6D00EF61B7 /* astronaut.jpg in Resources */ = {isa = PBXBuildFile; fileRef = AF43033C19562F6D00EF61B7 /* astronaut.jpg */; };
		AF430340195637A100EF61B7 /* Photo.m in Sources */ = {isa = PBXBuildFile; fileRef = AF43033F195637A100EF61B7 /* Photo.m */; };
		AF430343195637A100EF61B7 /* Album.m in Sources */ = {isa = PBXBuildFile; fileRef = AF430342195637A100EF61B7 /* Album.m */; };
		AF6EF6B91946191B0093AB22 /* Foundation.framework in Frameworks */ = {isa = PBXBuildFile; fileRef = AF6EF6B81946191B0093AB22 /* Foundation.framework */; };
		AF6EF6BB1946191B0093AB22 /* CoreGraphics.framework in Frameworks */ = {isa = PBXBuildFile; fileRef = AF6EF6BA1946191B0093AB22 /* CoreGraphics.framework */; };
		AF6EF6BD1946191B0093AB22 /* UIKit.framework in Frameworks */ = {isa = PBXBuildFile; fileRef = AF6EF6BC1946191B0093AB22 /* UIKit.framework */; };
		AF6EF6BF1946191B0093AB22 /* CoreData.framework in Frameworks */ = {isa = PBXBuildFile; fileRef = AF6EF6BE1946191B0093AB22 /* CoreData.framework */; };
		AF6EF6C51946191B0093AB22 /* InfoPlist.strings in Resources */ = {isa = PBXBuildFile; fileRef = AF6EF6C31946191B0093AB22 /* InfoPlist.strings */; };
		AF6EF6C71946191B0093AB22 /* main.m in Sources */ = {isa = PBXBuildFile; fileRef = AF6EF6C61946191B0093AB22 /* main.m */; };
		AF6EF6CB1946191B0093AB22 /* PYLAppDelegate.m in Sources */ = {isa = PBXBuildFile; fileRef = AF6EF6CA1946191B0093AB22 /* PYLAppDelegate.m */; };
		AF6EF6CE1946191B0093AB22 /* Thousand_Words.xcdatamodeld in Sources */ = {isa = PBXBuildFile; fileRef = AF6EF6CC1946191B0093AB22 /* Thousand_Words.xcdatamodeld */; };
		AF6EF6D01946191B0093AB22 /* Images.xcassets in Resources */ = {isa = PBXBuildFile; fileRef = AF6EF6CF1946191B0093AB22 /* Images.xcassets */; };
		AF6EF6D71946191B0093AB22 /* XCTest.framework in Frameworks */ = {isa = PBXBuildFile; fileRef = AF6EF6D61946191B0093AB22 /* XCTest.framework */; };
		AF6EF6D81946191B0093AB22 /* Foundation.framework in Frameworks */ = {isa = PBXBuildFile; fileRef = AF6EF6B81946191B0093AB22 /* Foundation.framework */; };
		AF6EF6D91946191B0093AB22 /* UIKit.framework in Frameworks */ = {isa = PBXBuildFile; fileRef = AF6EF6BC1946191B0093AB22 /* UIKit.framework */; };
		AF6EF6DA1946191B0093AB22 /* CoreData.framework in Frameworks */ = {isa = PBXBuildFile; fileRef = AF6EF6BE1946191B0093AB22 /* CoreData.framework */; };
		AF6EF6E21946191B0093AB22 /* InfoPlist.strings in Resources */ = {isa = PBXBuildFile; fileRef = AF6EF6E01946191B0093AB22 /* InfoPlist.strings */; };
		AF6EF6E41946191B0093AB22 /* Thousand_WordsTests.m in Sources */ = {isa = PBXBuildFile; fileRef = AF6EF6E31946191B0093AB22 /* Thousand_WordsTests.m */; };
		AF6EF6EE19461ABF0093AB22 /* Main.iPhone.storyboard in Resources */ = {isa = PBXBuildFile; fileRef = AF6EF6ED19461ABF0093AB22 /* Main.iPhone.storyboard */; };
		AF6EF6F119461BB00093AB22 /* PYLAlbumTableViewController.m in Sources */ = {isa = PBXBuildFile; fileRef = AF6EF6F019461BB00093AB22 /* PYLAlbumTableViewController.m */; };
/* End PBXBuildFile section */

/* Begin PBXContainerItemProxy section */
		AF6EF6DB1946191B0093AB22 /* PBXContainerItemProxy */ = {
			isa = PBXContainerItemProxy;
			containerPortal = AF6EF6AD1946191B0093AB22 /* Project object */;
			proxyType = 1;
			remoteGlobalIDString = AF6EF6B41946191B0093AB22;
			remoteInfo = "Thousand Words";
		};
/* End PBXContainerItemProxy section */

/* Begin PBXFileReference section */
		AF2E4E3F1956D8D600C17E8D /* PYLPictureDataTransformer.h */ = {isa = PBXFileReference; fileEncoding = 4; lastKnownFileType = sourcecode.c.h; path = PYLPictureDataTransformer.h; sourceTree = "<group>"; };
		AF2E4E401956D8D600C17E8D /* PYLPictureDataTransformer.m */ = {isa = PBXFileReference; fileEncoding = 4; lastKnownFileType = sourcecode.c.objc; path = PYLPictureDataTransformer.m; sourceTree = "<group>"; };
		AF2E4E421956E35600C17E8D /* PYLPhotoDetailViewController.h */ = {isa = PBXFileReference; fileEncoding = 4; lastKnownFileType = sourcecode.c.h; path = PYLPhotoDetailViewController.h; sourceTree = "<group>"; };
		AF2E4E431956E35600C17E8D /* PYLPhotoDetailViewController.m */ = {isa = PBXFileReference; fileEncoding = 4; lastKnownFileType = sourcecode.c.objc; path = PYLPhotoDetailViewController.m; sourceTree = "<group>"; };
		AF4303331956255000EF61B7 /* PYLCoreDataHelper.h */ = {isa = PBXFileReference; fileEncoding = 4; lastKnownFileType = sourcecode.c.h; path = PYLCoreDataHelper.h; sourceTree = "<group>"; };
		AF4303341956255000EF61B7 /* PYLCoreDataHelper.m */ = {isa = PBXFileReference; fileEncoding = 4; lastKnownFileType = sourcecode.c.objc; path = PYLCoreDataHelper.m; sourceTree = "<group>"; };
		AF4303361956292500EF61B7 /* PYLPhotosCollectionViewController.h */ = {isa = PBXFileReference; fileEncoding = 4; lastKnownFileType = sourcecode.c.h; path = PYLPhotosCollectionViewController.h; sourceTree = "<group>"; };
		AF4303371956292500EF61B7 /* PYLPhotosCollectionViewController.m */ = {isa = PBXFileReference; fileEncoding = 4; lastKnownFileType = sourcecode.c.objc; path = PYLPhotosCollectionViewController.m; sourceTree = "<group>"; };
		AF43033919562D6D00EF61B7 /* PYLPhotoCollectionViewCell.h */ = {isa = PBXFileReference; fileEncoding = 4; lastKnownFileType = sourcecode.c.h; path = PYLPhotoCollectionViewCell.h; sourceTree = "<group>"; };
		AF43033A19562D6D00EF61B7 /* PYLPhotoCollectionViewCell.m */ = {isa = PBXFileReference; fileEncoding = 4; lastKnownFileType = sourcecode.c.objc; path = PYLPhotoCollectionViewCell.m; sourceTree = "<group>"; };
		AF43033C19562F6D00EF61B7 /* astronaut.jpg */ = {isa = PBXFileReference; lastKnownFileType = image.jpeg; path = astronaut.jpg; sourceTree = "<group>"; };
		AF43033E195637A100EF61B7 /* Photo.h */ = {isa = PBXFileReference; fileEncoding = 4; lastKnownFileType = sourcecode.c.h; path = Photo.h; sourceTree = "<group>"; };
		AF43033F195637A100EF61B7 /* Photo.m */ = {isa = PBXFileReference; fileEncoding = 4; lastKnownFileType = sourcecode.c.objc; path = Photo.m; sourceTree = "<group>"; };
		AF430341195637A100EF61B7 /* Album.h */ = {isa = PBXFileReference; fileEncoding = 4; lastKnownFileType = sourcecode.c.h; path = Album.h; sourceTree = "<group>"; };
		AF430342195637A100EF61B7 /* Album.m */ = {isa = PBXFileReference; fileEncoding = 4; lastKnownFileType = sourcecode.c.objc; path = Album.m; sourceTree = "<group>"; };
		AF6EF6B51946191B0093AB22 /* Thousand Words.app */ = {isa = PBXFileReference; explicitFileType = wrapper.application; includeInIndex = 0; path = "Thousand Words.app"; sourceTree = BUILT_PRODUCTS_DIR; };
		AF6EF6B81946191B0093AB22 /* Foundation.framework */ = {isa = PBXFileReference; lastKnownFileType = wrapper.framework; name = Foundation.framework; path = System/Library/Frameworks/Foundation.framework; sourceTree = SDKROOT; };
		AF6EF6BA1946191B0093AB22 /* CoreGraphics.framework */ = {isa = PBXFileReference; lastKnownFileType = wrapper.framework; name = CoreGraphics.framework; path = System/Library/Frameworks/CoreGraphics.framework; sourceTree = SDKROOT; };
		AF6EF6BC1946191B0093AB22 /* UIKit.framework */ = {isa = PBXFileReference; lastKnownFileType = wrapper.framework; name = UIKit.framework; path = System/Library/Frameworks/UIKit.framework; sourceTree = SDKROOT; };
		AF6EF6BE1946191B0093AB22 /* CoreData.framework */ = {isa = PBXFileReference; lastKnownFileType = wrapper.framework; name = CoreData.framework; path = System/Library/Frameworks/CoreData.framework; sourceTree = SDKROOT; };
		AF6EF6C21946191B0093AB22 /* Thousand Words-Info.plist */ = {isa = PBXFileReference; lastKnownFileType = text.plist.xml; path = "Thousand Words-Info.plist"; sourceTree = "<group>"; };
		AF6EF6C41946191B0093AB22 /* en */ = {isa = PBXFileReference; lastKnownFileType = text.plist.strings; name = en; path = en.lproj/InfoPlist.strings; sourceTree = "<group>"; };
		AF6EF6C61946191B0093AB22 /* main.m */ = {isa = PBXFileReference; lastKnownFileType = sourcecode.c.objc; path = main.m; sourceTree = "<group>"; };
		AF6EF6C81946191B0093AB22 /* Thousand Words-Prefix.pch */ = {isa = PBXFileReference; lastKnownFileType = sourcecode.c.h; path = "Thousand Words-Prefix.pch"; sourceTree = "<group>"; };
		AF6EF6C91946191B0093AB22 /* PYLAppDelegate.h */ = {isa = PBXFileReference; lastKnownFileType = sourcecode.c.h; path = PYLAppDelegate.h; sourceTree = "<group>"; };
		AF6EF6CA1946191B0093AB22 /* PYLAppDelegate.m */ = {isa = PBXFileReference; lastKnownFileType = sourcecode.c.objc; path = PYLAppDelegate.m; sourceTree = "<group>"; };
		AF6EF6CD1946191B0093AB22 /* Thousand_Words.xcdatamodel */ = {isa = PBXFileReference; lastKnownFileType = wrapper.xcdatamodel; path = Thousand_Words.xcdatamodel; sourceTree = "<group>"; };
		AF6EF6CF1946191B0093AB22 /* Images.xcassets */ = {isa = PBXFileReference; lastKnownFileType = folder.assetcatalog; path = Images.xcassets; sourceTree = "<group>"; };
		AF6EF6D51946191B0093AB22 /* Thousand WordsTests.xctest */ = {isa = PBXFileReference; explicitFileType = wrapper.cfbundle; includeInIndex = 0; path = "Thousand WordsTests.xctest"; sourceTree = BUILT_PRODUCTS_DIR; };
		AF6EF6D61946191B0093AB22 /* XCTest.framework */ = {isa = PBXFileReference; lastKnownFileType = wrapper.framework; name = XCTest.framework; path = Library/Frameworks/XCTest.framework; sourceTree = DEVELOPER_DIR; };
		AF6EF6DF1946191B0093AB22 /* Thousand WordsTests-Info.plist */ = {isa = PBXFileReference; lastKnownFileType = text.plist.xml; path = "Thousand WordsTests-Info.plist"; sourceTree = "<group>"; };
		AF6EF6E11946191B0093AB22 /* en */ = {isa = PBXFileReference; lastKnownFileType = text.plist.strings; name = en; path = en.lproj/InfoPlist.strings; sourceTree = "<group>"; };
		AF6EF6E31946191B0093AB22 /* Thousand_WordsTests.m */ = {isa = PBXFileReference; lastKnownFileType = sourcecode.c.objc; path = Thousand_WordsTests.m; sourceTree = "<group>"; };
		AF6EF6ED19461ABF0093AB22 /* Main.iPhone.storyboard */ = {isa = PBXFileReference; fileEncoding = 4; lastKnownFileType = file.storyboard; path = Main.iPhone.storyboard; sourceTree = "<group>"; };
		AF6EF6EF19461BB00093AB22 /* PYLAlbumTableViewController.h */ = {isa = PBXFileReference; fileEncoding = 4; lastKnownFileType = sourcecode.c.h; path = PYLAlbumTableViewController.h; sourceTree = "<group>"; };
		AF6EF6F019461BB00093AB22 /* PYLAlbumTableViewController.m */ = {isa = PBXFileReference; fileEncoding = 4; lastKnownFileType = sourcecode.c.objc; path = PYLAlbumTableViewController.m; sourceTree = "<group>"; };
/* End PBXFileReference section */

/* Begin PBXFrameworksBuildPhase section */
		AF6EF6B21946191B0093AB22 /* Frameworks */ = {
			isa = PBXFrameworksBuildPhase;
			buildActionMask = 2147483647;
			files = (
				AF6EF6BB1946191B0093AB22 /* CoreGraphics.framework in Frameworks */,
				AF6EF6BF1946191B0093AB22 /* CoreData.framework in Frameworks */,
				AF6EF6BD1946191B0093AB22 /* UIKit.framework in Frameworks */,
				AF6EF6B91946191B0093AB22 /* Foundation.framework in Frameworks */,
			);
			runOnlyForDeploymentPostprocessing = 0;
		};
		AF6EF6D21946191B0093AB22 /* Frameworks */ = {
			isa = PBXFrameworksBuildPhase;
			buildActionMask = 2147483647;
			files = (
				AF6EF6D71946191B0093AB22 /* XCTest.framework in Frameworks */,
				AF6EF6DA1946191B0093AB22 /* CoreData.framework in Frameworks */,
				AF6EF6D91946191B0093AB22 /* UIKit.framework in Frameworks */,
				AF6EF6D81946191B0093AB22 /* Foundation.framework in Frameworks */,
			);
			runOnlyForDeploymentPostprocessing = 0;
		};
/* End PBXFrameworksBuildPhase section */

/* Begin PBXGroup section */
		AF430345195637DE00EF61B7 /* CoreData */ = {
			isa = PBXGroup;
			children = (
				AF6EF6CC1946191B0093AB22 /* Thousand_Words.xcdatamodeld */,
				AF430341195637A100EF61B7 /* Album.h */,
				AF430342195637A100EF61B7 /* Album.m */,
				AF43033E195637A100EF61B7 /* Photo.h */,
				AF43033F195637A100EF61B7 /* Photo.m */,
				AF2E4E3F1956D8D600C17E8D /* PYLPictureDataTransformer.h */,
				AF2E4E401956D8D600C17E8D /* PYLPictureDataTransformer.m */,
			);
			name = CoreData;
			sourceTree = "<group>";
		};
		AF6EF6AC1946191B0093AB22 = {
			isa = PBXGroup;
			children = (
				AF6EF6C01946191B0093AB22 /* Thousand Words */,
				AF6EF6DD1946191B0093AB22 /* Thousand WordsTests */,
				AF6EF6B71946191B0093AB22 /* Frameworks */,
				AF6EF6B61946191B0093AB22 /* Products */,
			);
			sourceTree = "<group>";
		};
		AF6EF6B61946191B0093AB22 /* Products */ = {
			isa = PBXGroup;
			children = (
				AF6EF6B51946191B0093AB22 /* Thousand Words.app */,
				AF6EF6D51946191B0093AB22 /* Thousand WordsTests.xctest */,
			);
			name = Products;
			sourceTree = "<group>";
		};
		AF6EF6B71946191B0093AB22 /* Frameworks */ = {
			isa = PBXGroup;
			children = (
				AF6EF6B81946191B0093AB22 /* Foundation.framework */,
				AF6EF6BA1946191B0093AB22 /* CoreGraphics.framework */,
				AF6EF6BC1946191B0093AB22 /* UIKit.framework */,
				AF6EF6BE1946191B0093AB22 /* CoreData.framework */,
				AF6EF6D61946191B0093AB22 /* XCTest.framework */,
			);
			name = Frameworks;
			sourceTree = "<group>";
		};
		AF6EF6C01946191B0093AB22 /* Thousand Words */ = {
			isa = PBXGroup;
			children = (
				AF6EF6C91946191B0093AB22 /* PYLAppDelegate.h */,
				AF6EF6CA1946191B0093AB22 /* PYLAppDelegate.m */,
				AF6EF6ED19461ABF0093AB22 /* Main.iPhone.storyboard */,
				AF2E4E421956E35600C17E8D /* PYLPhotoDetailViewController.h */,
				AF2E4E431956E35600C17E8D /* PYLPhotoDetailViewController.m */,
				AF43033919562D6D00EF61B7 /* PYLPhotoCollectionViewCell.h */,
				AF43033A19562D6D00EF61B7 /* PYLPhotoCollectionViewCell.m */,
				AF4303361956292500EF61B7 /* PYLPhotosCollectionViewController.h */,
				AF4303371956292500EF61B7 /* PYLPhotosCollectionViewController.m */,
				AF6EF6EF19461BB00093AB22 /* PYLAlbumTableViewController.h */,
				AF6EF6F019461BB00093AB22 /* PYLAlbumTableViewController.m */,
				AF4303331956255000EF61B7 /* PYLCoreDataHelper.h */,
				AF4303341956255000EF61B7 /* PYLCoreDataHelper.m */,
				AF6EF6CF1946191B0093AB22 /* Images.xcassets */,
				AF430345195637DE00EF61B7 /* CoreData */,
				AF6EF6C11946191B0093AB22 /* Supporting Files */,
			);
			path = "Thousand Words";
			sourceTree = "<group>";
		};
		AF6EF6C11946191B0093AB22 /* Supporting Files */ = {
			isa = PBXGroup;
			children = (
				AF43033C19562F6D00EF61B7 /* astronaut.jpg */,
				AF6EF6C21946191B0093AB22 /* Thousand Words-Info.plist */,
				AF6EF6C31946191B0093AB22 /* InfoPlist.strings */,
				AF6EF6C61946191B0093AB22 /* main.m */,
				AF6EF6C81946191B0093AB22 /* Thousand Words-Prefix.pch */,
			);
			name = "Supporting Files";
			sourceTree = "<group>";
		};
		AF6EF6DD1946191B0093AB22 /* Thousand WordsTests */ = {
			isa = PBXGroup;
			children = (
				AF6EF6E31946191B0093AB22 /* Thousand_WordsTests.m */,
				AF6EF6DE1946191B0093AB22 /* Supporting Files */,
			);
			path = "Thousand WordsTests";
			sourceTree = "<group>";
		};
		AF6EF6DE1946191B0093AB22 /* Supporting Files */ = {
			isa = PBXGroup;
			children = (
				AF6EF6DF1946191B0093AB22 /* Thousand WordsTests-Info.plist */,
				AF6EF6E01946191B0093AB22 /* InfoPlist.strings */,
			);
			name = "Supporting Files";
			sourceTree = "<group>";
		};
/* End PBXGroup section */

/* Begin PBXNativeTarget section */
		AF6EF6B41946191B0093AB22 /* Thousand Words */ = {
			isa = PBXNativeTarget;
			buildConfigurationList = AF6EF6E71946191B0093AB22 /* Build configuration list for PBXNativeTarget "Thousand Words" */;
			buildPhases = (
				AF6EF6B11946191B0093AB22 /* Sources */,
				AF6EF6B21946191B0093AB22 /* Frameworks */,
				AF6EF6B31946191B0093AB22 /* Resources */,
			);
			buildRules = (
			);
			dependencies = (
			);
			name = "Thousand Words";
			productName = "Thousand Words";
			productReference = AF6EF6B51946191B0093AB22 /* Thousand Words.app */;
			productType = "com.apple.product-type.application";
		};
		AF6EF6D41946191B0093AB22 /* Thousand WordsTests */ = {
			isa = PBXNativeTarget;
			buildConfigurationList = AF6EF6EA1946191B0093AB22 /* Build configuration list for PBXNativeTarget "Thousand WordsTests" */;
			buildPhases = (
				AF6EF6D11946191B0093AB22 /* Sources */,
				AF6EF6D21946191B0093AB22 /* Frameworks */,
				AF6EF6D31946191B0093AB22 /* Resources */,
			);
			buildRules = (
			);
			dependencies = (
				AF6EF6DC1946191B0093AB22 /* PBXTargetDependency */,
			);
			name = "Thousand WordsTests";
			productName = "Thousand WordsTests";
			productReference = AF6EF6D51946191B0093AB22 /* Thousand WordsTests.xctest */;
			productType = "com.apple.product-type.bundle.unit-test";
		};
/* End PBXNativeTarget section */

/* Begin PBXProject section */
		AF6EF6AD1946191B0093AB22 /* Project object */ = {
			isa = PBXProject;
			attributes = {
				CLASSPREFIX = PYL;
				LastUpgradeCheck = 0510;
				ORGANIZATIONNAME = "Pierre-Yves LEBECQ";
				TargetAttributes = {
					AF6EF6D41946191B0093AB22 = {
						TestTargetID = AF6EF6B41946191B0093AB22;
					};
				};
			};
			buildConfigurationList = AF6EF6B01946191B0093AB22 /* Build configuration list for PBXProject "Thousand Words" */;
			compatibilityVersion = "Xcode 3.2";
			developmentRegion = English;
			hasScannedForEncodings = 0;
			knownRegions = (
				en,
			);
			mainGroup = AF6EF6AC1946191B0093AB22;
			productRefGroup = AF6EF6B61946191B0093AB22 /* Products */;
			projectDirPath = "";
			projectRoot = "";
			targets = (
				AF6EF6B41946191B0093AB22 /* Thousand Words */,
				AF6EF6D41946191B0093AB22 /* Thousand WordsTests */,
			);
		};
/* End PBXProject section */

/* Begin PBXResourcesBuildPhase section */
		AF6EF6B31946191B0093AB22 /* Resources */ = {
			isa = PBXResourcesBuildPhase;
			buildActionMask = 2147483647;
			files = (
				AF6EF6EE19461ABF0093AB22 /* Main.iPhone.storyboard in Resources */,
				AF43033D19562F6D00EF61B7 /* astronaut.jpg in Resources */,
				AF6EF6C51946191B0093AB22 /* InfoPlist.strings in Resources */,
				AF6EF6D01946191B0093AB22 /* Images.xcassets in Resources */,
			);
			runOnlyForDeploymentPostprocessing = 0;
		};
		AF6EF6D31946191B0093AB22 /* Resources */ = {
			isa = PBXResourcesBuildPhase;
			buildActionMask = 2147483647;
			files = (
				AF6EF6E21946191B0093AB22 /* InfoPlist.strings in Resources */,
			);
			runOnlyForDeploymentPostprocessing = 0;
		};
/* End PBXResourcesBuildPhase section */

/* Begin PBXSourcesBuildPhase section */
		AF6EF6B11946191B0093AB22 /* Sources */ = {
			isa = PBXSourcesBuildPhase;
			buildActionMask = 2147483647;
			files = (
				AF2E4E441956E35600C17E8D /* PYLPhotoDetailViewController.m in Sources */,
				AF6EF6CB1946191B0093AB22 /* PYLAppDelegate.m in Sources */,
				AF6EF6F119461BB00093AB22 /* PYLAlbumTableViewController.m in Sources */,
				AF6EF6C71946191B0093AB22 /* main.m in Sources */,
				AF430340195637A100EF61B7 /* Photo.m in Sources */,
				AF2E4E411956D8D600C17E8D /* PYLPictureDataTransformer.m in Sources */,
				AF4303381956292500EF61B7 /* PYLPhotosCollectionViewController.m in Sources */,
				AF43033B19562D6D00EF61B7 /* PYLPhotoCollectionViewCell.m in Sources */,
				AF430343195637A100EF61B7 /* Album.m in Sources */,
				AF4303351956255000EF61B7 /* PYLCoreDataHelper.m in Sources */,
				AF6EF6CE1946191B0093AB22 /* Thousand_Words.xcdatamodeld in Sources */,
			);
			runOnlyForDeploymentPostprocessing = 0;
		};
		AF6EF6D11946191B0093AB22 /* Sources */ = {
			isa = PBXSourcesBuildPhase;
			buildActionMask = 2147483647;
			files = (
				AF6EF6E41946191B0093AB22 /* Thousand_WordsTests.m in Sources */,
			);
			runOnlyForDeploymentPostprocessing = 0;
		};
/* End PBXSourcesBuildPhase section */

/* Begin PBXTargetDependency section */
		AF6EF6DC1946191B0093AB22 /* PBXTargetDependency */ = {
			isa = PBXTargetDependency;
			target = AF6EF6B41946191B0093AB22 /* Thousand Words */;
			targetProxy = AF6EF6DB1946191B0093AB22 /* PBXContainerItemProxy */;
		};
/* End PBXTargetDependency section */

/* Begin PBXVariantGroup section */
		AF6EF6C31946191B0093AB22 /* InfoPlist.strings */ = {
			isa = PBXVariantGroup;
			children = (
				AF6EF6C41946191B0093AB22 /* en */,
			);
			name = InfoPlist.strings;
			sourceTree = "<group>";
		};
		AF6EF6E01946191B0093AB22 /* InfoPlist.strings */ = {
			isa = PBXVariantGroup;
			children = (
				AF6EF6E11946191B0093AB22 /* en */,
			);
			name = InfoPlist.strings;
			sourceTree = "<group>";
		};
/* End PBXVariantGroup section */

/* Begin XCBuildConfiguration section */
		AF6EF6E51946191B0093AB22 /* Debug */ = {
			isa = XCBuildConfiguration;
			buildSettings = {
				ALWAYS_SEARCH_USER_PATHS = NO;
				CLANG_CXX_LANGUAGE_STANDARD = "gnu++0x";
				CLANG_CXX_LIBRARY = "libc++";
				CLANG_ENABLE_MODULES = YES;
				CLANG_ENABLE_OBJC_ARC = YES;
				CLANG_WARN_BOOL_CONVERSION = YES;
				CLANG_WARN_CONSTANT_CONVERSION = YES;
				CLANG_WARN_DIRECT_OBJC_ISA_USAGE = YES_ERROR;
				CLANG_WARN_EMPTY_BODY = YES;
				CLANG_WARN_ENUM_CONVERSION = YES;
				CLANG_WARN_INT_CONVERSION = YES;
				CLANG_WARN_OBJC_ROOT_CLASS = YES_ERROR;
				CLANG_WARN__DUPLICATE_METHOD_MATCH = YES;
				"CODE_SIGN_IDENTITY[sdk=iphoneos*]" = "iPhone Developer";
				COPY_PHASE_STRIP = NO;
				GCC_C_LANGUAGE_STANDARD = gnu99;
				GCC_DYNAMIC_NO_PIC = NO;
				GCC_OPTIMIZATION_LEVEL = 0;
				GCC_PREPROCESSOR_DEFINITIONS = (
					"DEBUG=1",
					"$(inherited)",
				);
				GCC_SYMBOLS_PRIVATE_EXTERN = NO;
				GCC_WARN_64_TO_32_BIT_CONVERSION = YES;
				GCC_WARN_ABOUT_RETURN_TYPE = YES_ERROR;
				GCC_WARN_UNDECLARED_SELECTOR = YES;
				GCC_WARN_UNINITIALIZED_AUTOS = YES_AGGRESSIVE;
				GCC_WARN_UNUSED_FUNCTION = YES;
				GCC_WARN_UNUSED_VARIABLE = YES;
				IPHONEOS_DEPLOYMENT_TARGET = 7.1;
				ONLY_ACTIVE_ARCH = YES;
				SDKROOT = iphoneos;
			};
			name = Debug;
		};
		AF6EF6E61946191B0093AB22 /* Release */ = {
			isa = XCBuildConfiguration;
			buildSettings = {
				ALWAYS_SEARCH_USER_PATHS = NO;
				CLANG_CXX_LANGUAGE_STANDARD = "gnu++0x";
				CLANG_CXX_LIBRARY = "libc++";
				CLANG_ENABLE_MODULES = YES;
				CLANG_ENABLE_OBJC_ARC = YES;
				CLANG_WARN_BOOL_CONVERSION = YES;
				CLANG_WARN_CONSTANT_CONVERSION = YES;
				CLANG_WARN_DIRECT_OBJC_ISA_USAGE = YES_ERROR;
				CLANG_WARN_EMPTY_BODY = YES;
				CLANG_WARN_ENUM_CONVERSION = YES;
				CLANG_WARN_INT_CONVERSION = YES;
				CLANG_WARN_OBJC_ROOT_CLASS = YES_ERROR;
				CLANG_WARN__DUPLICATE_METHOD_MATCH = YES;
				"CODE_SIGN_IDENTITY[sdk=iphoneos*]" = "iPhone Developer";
				COPY_PHASE_STRIP = YES;
				ENABLE_NS_ASSERTIONS = NO;
				GCC_C_LANGUAGE_STANDARD = gnu99;
				GCC_WARN_64_TO_32_BIT_CONVERSION = YES;
				GCC_WARN_ABOUT_RETURN_TYPE = YES_ERROR;
				GCC_WARN_UNDECLARED_SELECTOR = YES;
				GCC_WARN_UNINITIALIZED_AUTOS = YES_AGGRESSIVE;
				GCC_WARN_UNUSED_FUNCTION = YES;
				GCC_WARN_UNUSED_VARIABLE = YES;
				IPHONEOS_DEPLOYMENT_TARGET = 7.1;
				SDKROOT = iphoneos;
				VALIDATE_PRODUCT = YES;
			};
			name = Release;
		};
		AF6EF6E81946191B0093AB22 /* Debug */ = {
			isa = XCBuildConfiguration;
			buildSettings = {
				ASSETCATALOG_COMPILER_APPICON_NAME = AppIcon;
				ASSETCATALOG_COMPILER_LAUNCHIMAGE_NAME = LaunchImage;
				GCC_PRECOMPILE_PREFIX_HEADER = YES;
				GCC_PREFIX_HEADER = "Thousand Words/Thousand Words-Prefix.pch";
				INFOPLIST_FILE = "Thousand Words/Thousand Words-Info.plist";
				IPHONEOS_DEPLOYMENT_TARGET = 7.0;
				PRODUCT_NAME = "$(TARGET_NAME)";
				WRAPPER_EXTENSION = app;
			};
			name = Debug;
		};
		AF6EF6E91946191B0093AB22 /* Release */ = {
			isa = XCBuildConfiguration;
			buildSettings = {
				ASSETCATALOG_COMPILER_APPICON_NAME = AppIcon;
				ASSETCATALOG_COMPILER_LAUNCHIMAGE_NAME = LaunchImage;
				GCC_PRECOMPILE_PREFIX_HEADER = YES;
				GCC_PREFIX_HEADER = "Thousand Words/Thousand Words-Prefix.pch";
				INFOPLIST_FILE = "Thousand Words/Thousand Words-Info.plist";
				IPHONEOS_DEPLOYMENT_TARGET = 7.0;
				PRODUCT_NAME = "$(TARGET_NAME)";
				WRAPPER_EXTENSION = app;
			};
			name = Release;
		};
		AF6EF6EB1946191B0093AB22 /* Debug */ = {
			isa = XCBuildConfiguration;
			buildSettings = {
				BUNDLE_LOADER = "$(BUILT_PRODUCTS_DIR)/Thousand Words.app/Thousand Words";
				FRAMEWORK_SEARCH_PATHS = (
					"$(SDKROOT)/Developer/Library/Frameworks",
					"$(inherited)",
					"$(DEVELOPER_FRAMEWORKS_DIR)",
				);
				GCC_PRECOMPILE_PREFIX_HEADER = YES;
				GCC_PREFIX_HEADER = "Thousand Words/Thousand Words-Prefix.pch";
				GCC_PREPROCESSOR_DEFINITIONS = (
					"DEBUG=1",
					"$(inherited)",
				);
				INFOPLIST_FILE = "Thousand WordsTests/Thousand WordsTests-Info.plist";
				PRODUCT_NAME = "$(TARGET_NAME)";
				TEST_HOST = "$(BUNDLE_LOADER)";
				WRAPPER_EXTENSION = xctest;
			};
			name = Debug;
		};
		AF6EF6EC1946191B0093AB22 /* Release */ = {
			isa = XCBuildConfiguration;
			buildSettings = {
				BUNDLE_LOADER = "$(BUILT_PRODUCTS_DIR)/Thousand Words.app/Thousand Words";
				FRAMEWORK_SEARCH_PATHS = (
					"$(SDKROOT)/Developer/Library/Frameworks",
					"$(inherited)",
					"$(DEVELOPER_FRAMEWORKS_DIR)",
				);
				GCC_PRECOMPILE_PREFIX_HEADER = YES;
				GCC_PREFIX_HEADER = "Thousand Words/Thousand Words-Prefix.pch";
				INFOPLIST_FILE = "Thousand WordsTests/Thousand WordsTests-Info.plist";
				PRODUCT_NAME = "$(TARGET_NAME)";
				TEST_HOST = "$(BUNDLE_LOADER)";
				WRAPPER_EXTENSION = xctest;
			};
			name = Release;
		};
/* End XCBuildConfiguration section */

/* Begin XCConfigurationList section */
		AF6EF6B01946191B0093AB22 /* Build configuration list for PBXProject "Thousand Words" */ = {
			isa = XCConfigurationList;
			buildConfigurations = (
				AF6EF6E51946191B0093AB22 /* Debug */,
				AF6EF6E61946191B0093AB22 /* Release */,
			);
			defaultConfigurationIsVisible = 0;
			defaultConfigurationName = Release;
		};
		AF6EF6E71946191B0093AB22 /* Build configuration list for PBXNativeTarget "Thousand Words" */ = {
			isa = XCConfigurationList;
			buildConfigurations = (
				AF6EF6E81946191B0093AB22 /* Debug */,
				AF6EF6E91946191B0093AB22 /* Release */,
			);
			defaultConfigurationIsVisible = 0;
			defaultConfigurationName = Release;
		};
		AF6EF6EA1946191B0093AB22 /* Build configuration list for PBXNativeTarget "Thousand WordsTests" */ = {
			isa = XCConfigurationList;
			buildConfigurations = (
				AF6EF6EB1946191B0093AB22 /* Debug */,
				AF6EF6EC1946191B0093AB22 /* Release */,
			);
			defaultConfigurationIsVisible = 0;
			defaultConfigurationName = Release;
		};
/* End XCConfigurationList section */

/* Begin XCVersionGroup section */
		AF6EF6CC1946191B0093AB22 /* Thousand_Words.xcdatamodeld */ = {
			isa = XCVersionGroup;
			children = (
				AF6EF6CD1946191B0093AB22 /* Thousand_Words.xcdatamodel */,
			);
			currentVersion = AF6EF6CD1946191B0093AB22 /* Thousand_Words.xcdatamodel */;
			path = Thousand_Words.xcdatamodeld;
			sourceTree = "<group>";
			versionGroupType = wrapper.xcdatamodel;
		};
/* End XCVersionGroup section */
	};
	rootObject = AF6EF6AD1946191B0093AB22 /* Project object */;
}
